// !$*UTF8*$!
{
	archiveVersion = 1;
	classes = {
	};
	objectVersion = 77;
	objects = {

/* Begin PBXBuildFile section */
		1C4FC57D2E5FF37B004C158A /* TPPDF in Frameworks */ = {isa = PBXBuildFile; productRef = 1C4FC57C2E5FF37B004C158A /* TPPDF */; };
		1C54365D2DE224C600153F4F /* FirebaseAuth in Frameworks */ = {isa = PBXBuildFile; productRef = 1C54365C2DE224C600153F4F /* FirebaseAuth */; };
		1C54365F2DE224C600153F4F /* FirebaseFirestore in Frameworks */ = {isa = PBXBuildFile; productRef = 1C54365E2DE224C600153F4F /* FirebaseFirestore */; };
		1C5436612DE224C600153F4F /* FirebaseStorage in Frameworks */ = {isa = PBXBuildFile; productRef = 1C5436602DE224C600153F4F /* FirebaseStorage */; };
		1C5437182DE2558400153F4F /* FirebaseFunctions in Frameworks */ = {isa = PBXBuildFile; productRef = 1C5437172DE2558400153F4F /* FirebaseFunctions */; };
		1C783F3E2E71E17E008AFA63 /* TinyStorage in Frameworks */ = {isa = PBXBuildFile; productRef = 1C783F3D2E71E17E008AFA63 /* TinyStorage */; };
		1C783F3F2E71E1BB008AFA63 /* TinyStorage in Embed Frameworks */ = {isa = PBXBuildFile; productRef = 1C783F3D2E71E17E008AFA63 /* TinyStorage */; settings = {ATTRIBUTES = (CodeSignOnCopy, ); }; };
		1C88DD9D2E0BB8FC000D7CD0 /* Release.xcconfig in Resources */ = {isa = PBXBuildFile; fileRef = 1C88DD9B2E0BB8FC000D7CD0 /* Release.xcconfig */; };
		1C88DD9E2E0BB8FC000D7CD0 /* Beta.xcconfig in Resources */ = {isa = PBXBuildFile; fileRef = 1C88DD992E0BB8FC000D7CD0 /* Beta.xcconfig */; };
		1C88DD9F2E0BB8FC000D7CD0 /* Dev.xcconfig in Resources */ = {isa = PBXBuildFile; fileRef = 1C88DD9A2E0BB8FC000D7CD0 /* Dev.xcconfig */; };
		1C88DDAF2E0BBCA2000D7CD0 /* Base.xcconfig in Resources */ = {isa = PBXBuildFile; fileRef = 1C88DDAE2E0BBCA2000D7CD0 /* Base.xcconfig */; };
		1C9B64CA2E51779800323C91 /* Debug.xcconfig in Resources */ = {isa = PBXBuildFile; fileRef = 1C9B64C92E51779800323C91 /* Debug.xcconfig */; };
		1CA0F2432E7BE04800AC3F88 /* GoogleSignIn in Frameworks */ = {isa = PBXBuildFile; productRef = 1CA0F2422E7BE04800AC3F88 /* GoogleSignIn */; };
		1CA0F2452E7BE04800AC3F88 /* GoogleSignInSwift in Frameworks */ = {isa = PBXBuildFile; productRef = 1CA0F2442E7BE04800AC3F88 /* GoogleSignInSwift */; };
		1CA3B46A2E0281F200A04DB7 /* TestPlan.xctestplan in Resources */ = {isa = PBXBuildFile; fileRef = 1CA3B4692E0281F200A04DB7 /* TestPlan.xctestplan */; };
		1CE7DC352E76B4EF0088910A /* Nuke in Frameworks */ = {isa = PBXBuildFile; productRef = 1CE7DC342E76B4EF0088910A /* Nuke */; };
		1CE7DC372E76B4EF0088910A /* NukeExtensions in Frameworks */ = {isa = PBXBuildFile; productRef = 1CE7DC362E76B4EF0088910A /* NukeExtensions */; };
		1CE7DC392E76B4EF0088910A /* NukeUI in Frameworks */ = {isa = PBXBuildFile; productRef = 1CE7DC382E76B4EF0088910A /* NukeUI */; };
		1CE7DC422E772F3D0088910A /* Shimmer in Frameworks */ = {isa = PBXBuildFile; productRef = 1CE7DC412E772F3D0088910A /* Shimmer */; };
/* End PBXBuildFile section */

/* Begin PBXContainerItemProxy section */
		1C5436052DE2224000153F4F /* PBXContainerItemProxy */ = {
			isa = PBXContainerItemProxy;
			containerPortal = 1C5435EE2DE2223F00153F4F /* Project object */;
			proxyType = 1;
			remoteGlobalIDString = 1C5435F52DE2223F00153F4F;
			remoteInfo = FreshWall;
		};
		1C54360F2DE2224000153F4F /* PBXContainerItemProxy */ = {
			isa = PBXContainerItemProxy;
			containerPortal = 1C5435EE2DE2223F00153F4F /* Project object */;
			proxyType = 1;
			remoteGlobalIDString = 1C5435F52DE2223F00153F4F;
			remoteInfo = FreshWall;
		};
/* End PBXContainerItemProxy section */

/* Begin PBXCopyFilesBuildPhase section */
		1C783F402E71E1BB008AFA63 /* Embed Frameworks */ = {
			isa = PBXCopyFilesBuildPhase;
			buildActionMask = 2147483647;
			dstPath = "";
			dstSubfolderSpec = 10;
			files = (
				1C783F3F2E71E1BB008AFA63 /* TinyStorage in Embed Frameworks */,
			);
			name = "Embed Frameworks";
			runOnlyForDeploymentPostprocessing = 0;
		};
/* End PBXCopyFilesBuildPhase section */

/* Begin PBXFileReference section */
		1C5435F62DE2223F00153F4F /* FreshWall.app */ = {isa = PBXFileReference; explicitFileType = wrapper.application; includeInIndex = 0; path = FreshWall.app; sourceTree = BUILT_PRODUCTS_DIR; };
		1C5436042DE2224000153F4F /* FreshWallTests.xctest */ = {isa = PBXFileReference; explicitFileType = wrapper.cfbundle; includeInIndex = 0; path = FreshWallTests.xctest; sourceTree = BUILT_PRODUCTS_DIR; };
		1C54360E2DE2224000153F4F /* FreshWallUITests.xctest */ = {isa = PBXFileReference; explicitFileType = wrapper.cfbundle; includeInIndex = 0; path = FreshWallUITests.xctest; sourceTree = BUILT_PRODUCTS_DIR; };
		1C5532C12E0BC46B001B83F0 /* FreshWall-Info.plist */ = {isa = PBXFileReference; lastKnownFileType = text.plist; path = "FreshWall-Info.plist"; sourceTree = "<group>"; };
		1C88DD992E0BB8FC000D7CD0 /* Beta.xcconfig */ = {isa = PBXFileReference; lastKnownFileType = text.xcconfig; path = Beta.xcconfig; sourceTree = "<group>"; };
		1C88DD9A2E0BB8FC000D7CD0 /* Dev.xcconfig */ = {isa = PBXFileReference; lastKnownFileType = text.xcconfig; path = Dev.xcconfig; sourceTree = "<group>"; };
		1C88DD9B2E0BB8FC000D7CD0 /* Release.xcconfig */ = {isa = PBXFileReference; lastKnownFileType = text.xcconfig; path = Release.xcconfig; sourceTree = "<group>"; };
		1C88DDAE2E0BBCA2000D7CD0 /* Base.xcconfig */ = {isa = PBXFileReference; lastKnownFileType = text.xcconfig; path = Base.xcconfig; sourceTree = "<group>"; };
		1C9B64C92E51779800323C91 /* Debug.xcconfig */ = {isa = PBXFileReference; lastKnownFileType = text.xcconfig; path = Debug.xcconfig; sourceTree = "<group>"; };
		1CA3B4692E0281F200A04DB7 /* TestPlan.xctestplan */ = {isa = PBXFileReference; lastKnownFileType = text; path = TestPlan.xctestplan; sourceTree = "<group>"; };
		1CE8C9662E5D5D52004ABAF4 /* FreshWall-Dev-Info.plist */ = {isa = PBXFileReference; lastKnownFileType = text.plist; path = "FreshWall-Dev-Info.plist"; sourceTree = "<group>"; };
		1CE8CEAD2E5D60C7004ABAF4 /* FreshWallNetworking */ = {isa = PBXFileReference; lastKnownFileType = wrapper; path = FreshWallNetworking; sourceTree = "<group>"; };
/* End PBXFileReference section */

/* Begin PBXFileSystemSynchronizedRootGroup section */
		1C5435F82DE2223F00153F4F /* FreshWallApp */ = {
			isa = PBXFileSystemSynchronizedRootGroup;
			path = FreshWallApp;
			sourceTree = "<group>";
		};
		1C5436072DE2224000153F4F /* FreshWallTests */ = {
			isa = PBXFileSystemSynchronizedRootGroup;
			path = FreshWallTests;
			sourceTree = "<group>";
		};
		1C5436112DE2224000153F4F /* FreshWallUITests */ = {
			isa = PBXFileSystemSynchronizedRootGroup;
			path = FreshWallUITests;
			sourceTree = "<group>";
		};
/* End PBXFileSystemSynchronizedRootGroup section */

/* Begin PBXFrameworksBuildPhase section */
		1C5435F32DE2223F00153F4F /* Frameworks */ = {
			isa = PBXFrameworksBuildPhase;
			buildActionMask = 2147483647;
			files = (
				1C4FC57D2E5FF37B004C158A /* TPPDF in Frameworks */,
				1CE7DC372E76B4EF0088910A /* NukeExtensions in Frameworks */,
				1CA0F2432E7BE04800AC3F88 /* GoogleSignIn in Frameworks */,
				1CA0F2452E7BE04800AC3F88 /* GoogleSignInSwift in Frameworks */,
				1C54365D2DE224C600153F4F /* FirebaseAuth in Frameworks */,
				1CE7DC352E76B4EF0088910A /* Nuke in Frameworks */,
				1C783F3E2E71E17E008AFA63 /* TinyStorage in Frameworks */,
				1C54365F2DE224C600153F4F /* FirebaseFirestore in Frameworks */,
				1CE7DC422E772F3D0088910A /* Shimmer in Frameworks */,
				1CE7DC392E76B4EF0088910A /* NukeUI in Frameworks */,
				1C5436612DE224C600153F4F /* FirebaseStorage in Frameworks */,
				1C5437182DE2558400153F4F /* FirebaseFunctions in Frameworks */,
			);
			runOnlyForDeploymentPostprocessing = 0;
		};
		1C5436012DE2224000153F4F /* Frameworks */ = {
			isa = PBXFrameworksBuildPhase;
			buildActionMask = 2147483647;
			files = (
			);
			runOnlyForDeploymentPostprocessing = 0;
		};
		1C54360B2DE2224000153F4F /* Frameworks */ = {
			isa = PBXFrameworksBuildPhase;
			buildActionMask = 2147483647;
			files = (
			);
			runOnlyForDeploymentPostprocessing = 0;
		};
/* End PBXFrameworksBuildPhase section */

/* Begin PBXGroup section */
		1C5435ED2DE2223F00153F4F = {
			isa = PBXGroup;
			children = (
				1CE8C9662E5D5D52004ABAF4 /* FreshWall-Dev-Info.plist */,
				1C5532C12E0BC46B001B83F0 /* FreshWall-Info.plist */,
				1CA3B4692E0281F200A04DB7 /* TestPlan.xctestplan */,
				1C5435F82DE2223F00153F4F /* FreshWallApp */,
				1C5436072DE2224000153F4F /* FreshWallTests */,
				1C5436112DE2224000153F4F /* FreshWallUITests */,
				1C5437162DE2558400153F4F /* Frameworks */,
				1C5435F72DE2223F00153F4F /* Products */,
				1C88DD9C2E0BB8FC000D7CD0 /* Configurations */,
				1CE8CEAE2E5D60C7004ABAF4 /* Packages */,
			);
			sourceTree = "<group>";
		};
		1C5435F72DE2223F00153F4F /* Products */ = {
			isa = PBXGroup;
			children = (
				1C5435F62DE2223F00153F4F /* FreshWall.app */,
				1C5436042DE2224000153F4F /* FreshWallTests.xctest */,
				1C54360E2DE2224000153F4F /* FreshWallUITests.xctest */,
			);
			name = Products;
			sourceTree = "<group>";
		};
		1C5437162DE2558400153F4F /* Frameworks */ = {
			isa = PBXGroup;
			children = (
			);
			name = Frameworks;
			sourceTree = "<group>";
		};
		1C88DD9C2E0BB8FC000D7CD0 /* Configurations */ = {
			isa = PBXGroup;
			children = (
				1C88DD992E0BB8FC000D7CD0 /* Beta.xcconfig */,
				1C88DDAE2E0BBCA2000D7CD0 /* Base.xcconfig */,
				1C88DD9A2E0BB8FC000D7CD0 /* Dev.xcconfig */,
				1C9B64C92E51779800323C91 /* Debug.xcconfig */,
				1C88DD9B2E0BB8FC000D7CD0 /* Release.xcconfig */,
			);
			path = Configurations;
			sourceTree = "<group>";
		};
		1CE8CEAE2E5D60C7004ABAF4 /* Packages */ = {
			isa = PBXGroup;
			children = (
				1CE8CEAD2E5D60C7004ABAF4 /* FreshWallNetworking */,
			);
			path = Packages;
			sourceTree = "<group>";
		};
/* End PBXGroup section */

/* Begin PBXNativeTarget section */
		1C5435F52DE2223F00153F4F /* FreshWall */ = {
			isa = PBXNativeTarget;
			buildConfigurationList = 1C5436182DE2224000153F4F /* Build configuration list for PBXNativeTarget "FreshWall" */;
			buildPhases = (
				1C5435F22DE2223F00153F4F /* Sources */,
				1C5435F32DE2223F00153F4F /* Frameworks */,
				1C5435F42DE2223F00153F4F /* Resources */,
				1C783F402E71E1BB008AFA63 /* Embed Frameworks */,
			);
			buildRules = (
			);
			dependencies = (
			);
			fileSystemSynchronizedGroups = (
				1C5435F82DE2223F00153F4F /* FreshWallApp */,
			);
			name = FreshWall;
			packageProductDependencies = (
				1C54365C2DE224C600153F4F /* FirebaseAuth */,
				1C54365E2DE224C600153F4F /* FirebaseFirestore */,
				1C5436602DE224C600153F4F /* FirebaseStorage */,
				1C5437172DE2558400153F4F /* FirebaseFunctions */,
				1C4FC57C2E5FF37B004C158A /* TPPDF */,
				1C783F3D2E71E17E008AFA63 /* TinyStorage */,
				1CE7DC342E76B4EF0088910A /* Nuke */,
				1CE7DC362E76B4EF0088910A /* NukeExtensions */,
				1CE7DC382E76B4EF0088910A /* NukeUI */,
				1CE7DC412E772F3D0088910A /* Shimmer */,
				1CA0F2422E7BE04800AC3F88 /* GoogleSignIn */,
				1CA0F2442E7BE04800AC3F88 /* GoogleSignInSwift */,
			);
			productName = FreshWall;
			productReference = 1C5435F62DE2223F00153F4F /* FreshWall.app */;
			productType = "com.apple.product-type.application";
		};
		1C5436032DE2224000153F4F /* FreshWallTests */ = {
			isa = PBXNativeTarget;
			buildConfigurationList = 1C54361B2DE2224000153F4F /* Build configuration list for PBXNativeTarget "FreshWallTests" */;
			buildPhases = (
				1C5436002DE2224000153F4F /* Sources */,
				1C5436012DE2224000153F4F /* Frameworks */,
				1C5436022DE2224000153F4F /* Resources */,
			);
			buildRules = (
			);
			dependencies = (
				1C5436062DE2224000153F4F /* PBXTargetDependency */,
			);
			fileSystemSynchronizedGroups = (
				1C5436072DE2224000153F4F /* FreshWallTests */,
			);
			name = FreshWallTests;
			packageProductDependencies = (
			);
			productName = FreshWallTests;
			productReference = 1C5436042DE2224000153F4F /* FreshWallTests.xctest */;
			productType = "com.apple.product-type.bundle.unit-test";
		};
		1C54360D2DE2224000153F4F /* FreshWallUITests */ = {
			isa = PBXNativeTarget;
			buildConfigurationList = 1C54361E2DE2224000153F4F /* Build configuration list for PBXNativeTarget "FreshWallUITests" */;
			buildPhases = (
				1C54360A2DE2224000153F4F /* Sources */,
				1C54360B2DE2224000153F4F /* Frameworks */,
				1C54360C2DE2224000153F4F /* Resources */,
			);
			buildRules = (
			);
			dependencies = (
				1C5436102DE2224000153F4F /* PBXTargetDependency */,
			);
			fileSystemSynchronizedGroups = (
				1C5436112DE2224000153F4F /* FreshWallUITests */,
			);
			name = FreshWallUITests;
			packageProductDependencies = (
			);
			productName = FreshWallUITests;
			productReference = 1C54360E2DE2224000153F4F /* FreshWallUITests.xctest */;
			productType = "com.apple.product-type.bundle.ui-testing";
		};
/* End PBXNativeTarget section */

/* Begin PBXProject section */
		1C5435EE2DE2223F00153F4F /* Project object */ = {
			isa = PBXProject;
			attributes = {
				BuildIndependentTargetsInParallel = 1;
				LastSwiftUpdateCheck = 1630;
				LastUpgradeCheck = 1630;
				TargetAttributes = {
					1C5435F52DE2223F00153F4F = {
						CreatedOnToolsVersion = 16.3;
					};
					1C5436032DE2224000153F4F = {
						CreatedOnToolsVersion = 16.3;
						TestTargetID = 1C5435F52DE2223F00153F4F;
					};
					1C54360D2DE2224000153F4F = {
						CreatedOnToolsVersion = 16.3;
						TestTargetID = 1C5435F52DE2223F00153F4F;
					};
				};
			};
			buildConfigurationList = 1C5435F12DE2223F00153F4F /* Build configuration list for PBXProject "FreshWall" */;
			developmentRegion = en;
			hasScannedForEncodings = 0;
			knownRegions = (
				en,
				Base,
			);
			mainGroup = 1C5435ED2DE2223F00153F4F;
			minimizedProjectReferenceProxies = 1;
			packageReferences = (
				1C54365B2DE224C600153F4F /* XCRemoteSwiftPackageReference "firebase-ios-sdk" */,
				1C54371C2DE2AB7100153F4F /* XCRemoteSwiftPackageReference "SwiftLintPlugins" */,
				1C4FC57B2E5FF37B004C158A /* XCRemoteSwiftPackageReference "TPPDF" */,
				1C783F3C2E71E17E008AFA63 /* XCRemoteSwiftPackageReference "TinyStorage" */,
				1CE7DC332E76B4EF0088910A /* XCRemoteSwiftPackageReference "Nuke" */,
				1CE7DC402E772F3D0088910A /* XCRemoteSwiftPackageReference "SwiftUI-Shimmer" */,
				1CA0F2412E7BE04800AC3F88 /* XCRemoteSwiftPackageReference "GoogleSignIn-iOS" */,
			);
			preferredProjectObjectVersion = 77;
			productRefGroup = 1C5435F72DE2223F00153F4F /* Products */;
			projectDirPath = "";
			projectRoot = "";
			targets = (
				1C5435F52DE2223F00153F4F /* FreshWall */,
				1C5436032DE2224000153F4F /* FreshWallTests */,
				1C54360D2DE2224000153F4F /* FreshWallUITests */,
			);
		};
/* End PBXProject section */

/* Begin PBXResourcesBuildPhase section */
		1C5435F42DE2223F00153F4F /* Resources */ = {
			isa = PBXResourcesBuildPhase;
			buildActionMask = 2147483647;
			files = (
				1CA3B46A2E0281F200A04DB7 /* TestPlan.xctestplan in Resources */,
				1C88DD9D2E0BB8FC000D7CD0 /* Release.xcconfig in Resources */,
				1C9B64CA2E51779800323C91 /* Debug.xcconfig in Resources */,
				1C88DD9E2E0BB8FC000D7CD0 /* Beta.xcconfig in Resources */,
				1C88DD9F2E0BB8FC000D7CD0 /* Dev.xcconfig in Resources */,
				1C88DDAF2E0BBCA2000D7CD0 /* Base.xcconfig in Resources */,
			);
			runOnlyForDeploymentPostprocessing = 0;
		};
		1C5436022DE2224000153F4F /* Resources */ = {
			isa = PBXResourcesBuildPhase;
			buildActionMask = 2147483647;
			files = (
			);
			runOnlyForDeploymentPostprocessing = 0;
		};
		1C54360C2DE2224000153F4F /* Resources */ = {
			isa = PBXResourcesBuildPhase;
			buildActionMask = 2147483647;
			files = (
			);
			runOnlyForDeploymentPostprocessing = 0;
		};
/* End PBXResourcesBuildPhase section */

/* Begin PBXSourcesBuildPhase section */
		1C5435F22DE2223F00153F4F /* Sources */ = {
			isa = PBXSourcesBuildPhase;
			buildActionMask = 2147483647;
			files = (
			);
			runOnlyForDeploymentPostprocessing = 0;
		};
		1C5436002DE2224000153F4F /* Sources */ = {
			isa = PBXSourcesBuildPhase;
			buildActionMask = 2147483647;
			files = (
			);
			runOnlyForDeploymentPostprocessing = 0;
		};
		1C54360A2DE2224000153F4F /* Sources */ = {
			isa = PBXSourcesBuildPhase;
			buildActionMask = 2147483647;
			files = (
			);
			runOnlyForDeploymentPostprocessing = 0;
		};
/* End PBXSourcesBuildPhase section */

/* Begin PBXTargetDependency section */
		1C5436062DE2224000153F4F /* PBXTargetDependency */ = {
			isa = PBXTargetDependency;
			target = 1C5435F52DE2223F00153F4F /* FreshWall */;
			targetProxy = 1C5436052DE2224000153F4F /* PBXContainerItemProxy */;
		};
		1C5436102DE2224000153F4F /* PBXTargetDependency */ = {
			isa = PBXTargetDependency;
			target = 1C5435F52DE2223F00153F4F /* FreshWall */;
			targetProxy = 1C54360F2DE2224000153F4F /* PBXContainerItemProxy */;
		};
/* End PBXTargetDependency section */

/* Begin XCBuildConfiguration section */
		1C5436162DE2224000153F4F /* Dev */ = {
			isa = XCBuildConfiguration;
			baseConfigurationReference = 1C88DD9A2E0BB8FC000D7CD0 /* Dev.xcconfig */;
			buildSettings = {
				ALWAYS_SEARCH_USER_PATHS = NO;
				ASSETCATALOG_COMPILER_GENERATE_SWIFT_ASSET_SYMBOL_EXTENSIONS = YES;
				CLANG_ANALYZER_NONNULL = YES;
				CLANG_ANALYZER_NUMBER_OBJECT_CONVERSION = YES_AGGRESSIVE;
				CLANG_CXX_LANGUAGE_STANDARD = "gnu++20";
				CLANG_ENABLE_MODULES = YES;
				CLANG_ENABLE_OBJC_ARC = YES;
				CLANG_ENABLE_OBJC_WEAK = YES;
				CLANG_WARN_BLOCK_CAPTURE_AUTORELEASING = YES;
				CLANG_WARN_BOOL_CONVERSION = YES;
				CLANG_WARN_COMMA = YES;
				CLANG_WARN_CONSTANT_CONVERSION = YES;
				CLANG_WARN_DEPRECATED_OBJC_IMPLEMENTATIONS = YES;
				CLANG_WARN_DIRECT_OBJC_ISA_USAGE = YES_ERROR;
				CLANG_WARN_DOCUMENTATION_COMMENTS = YES;
				CLANG_WARN_EMPTY_BODY = YES;
				CLANG_WARN_ENUM_CONVERSION = YES;
				CLANG_WARN_INFINITE_RECURSION = YES;
				CLANG_WARN_INT_CONVERSION = YES;
				CLANG_WARN_NON_LITERAL_NULL_CONVERSION = YES;
				CLANG_WARN_OBJC_IMPLICIT_RETAIN_SELF = YES;
				CLANG_WARN_OBJC_LITERAL_CONVERSION = YES;
				CLANG_WARN_OBJC_ROOT_CLASS = YES_ERROR;
				CLANG_WARN_QUOTED_INCLUDE_IN_FRAMEWORK_HEADER = YES;
				CLANG_WARN_RANGE_LOOP_ANALYSIS = YES;
				CLANG_WARN_STRICT_PROTOTYPES = YES;
				CLANG_WARN_SUSPICIOUS_MOVE = YES;
				CLANG_WARN_UNGUARDED_AVAILABILITY = YES_AGGRESSIVE;
				CLANG_WARN_UNREACHABLE_CODE = YES;
				CLANG_WARN__DUPLICATE_METHOD_MATCH = YES;
				COPY_PHASE_STRIP = NO;
				DEBUG_INFORMATION_FORMAT = dwarf;
				DEVELOPMENT_TEAM = KJ66BJ6KYX;
				ENABLE_STRICT_OBJC_MSGSEND = YES;
				ENABLE_TESTABILITY = YES;
				ENABLE_USER_SCRIPT_SANDBOXING = YES;
				GCC_C_LANGUAGE_STANDARD = gnu17;
				GCC_DYNAMIC_NO_PIC = NO;
				GCC_NO_COMMON_BLOCKS = YES;
				GCC_OPTIMIZATION_LEVEL = 0;
				GCC_PREPROCESSOR_DEFINITIONS = (
					"DEBUG=1",
					"$(inherited)",
				);
				GCC_WARN_64_TO_32_BIT_CONVERSION = YES;
				GCC_WARN_ABOUT_RETURN_TYPE = YES_ERROR;
				GCC_WARN_UNDECLARED_SELECTOR = YES;
				GCC_WARN_UNINITIALIZED_AUTOS = YES_AGGRESSIVE;
				GCC_WARN_UNUSED_FUNCTION = YES;
				GCC_WARN_UNUSED_VARIABLE = YES;
				LOCALIZATION_PREFERS_STRING_CATALOGS = YES;
				MTL_ENABLE_DEBUG_INFO = INCLUDE_SOURCE;
				MTL_FAST_MATH = YES;
				ONLY_ACTIVE_ARCH = YES;
				PRODUCT_BUNDLE_IDENTIFIER = "$(PRODUCT_BUNDLE_IDENTIFIER)";
				SWIFT_ACTIVE_COMPILATION_CONDITIONS = "DEBUG $(inherited)";
				SWIFT_OPTIMIZATION_LEVEL = "-Onone";
			};
			name = Dev;
		};
		1C5436172DE2224000153F4F /* Release */ = {
			isa = XCBuildConfiguration;
			baseConfigurationReference = 1C88DD9B2E0BB8FC000D7CD0 /* Release.xcconfig */;
			buildSettings = {
				ALWAYS_SEARCH_USER_PATHS = NO;
				ASSETCATALOG_COMPILER_GENERATE_SWIFT_ASSET_SYMBOL_EXTENSIONS = YES;
				CLANG_ANALYZER_NONNULL = YES;
				CLANG_ANALYZER_NUMBER_OBJECT_CONVERSION = YES_AGGRESSIVE;
				CLANG_CXX_LANGUAGE_STANDARD = "gnu++20";
				CLANG_ENABLE_MODULES = YES;
				CLANG_ENABLE_OBJC_ARC = YES;
				CLANG_ENABLE_OBJC_WEAK = YES;
				CLANG_WARN_BLOCK_CAPTURE_AUTORELEASING = YES;
				CLANG_WARN_BOOL_CONVERSION = YES;
				CLANG_WARN_COMMA = YES;
				CLANG_WARN_CONSTANT_CONVERSION = YES;
				CLANG_WARN_DEPRECATED_OBJC_IMPLEMENTATIONS = YES;
				CLANG_WARN_DIRECT_OBJC_ISA_USAGE = YES_ERROR;
				CLANG_WARN_DOCUMENTATION_COMMENTS = YES;
				CLANG_WARN_EMPTY_BODY = YES;
				CLANG_WARN_ENUM_CONVERSION = YES;
				CLANG_WARN_INFINITE_RECURSION = YES;
				CLANG_WARN_INT_CONVERSION = YES;
				CLANG_WARN_NON_LITERAL_NULL_CONVERSION = YES;
				CLANG_WARN_OBJC_IMPLICIT_RETAIN_SELF = YES;
				CLANG_WARN_OBJC_LITERAL_CONVERSION = YES;
				CLANG_WARN_OBJC_ROOT_CLASS = YES_ERROR;
				CLANG_WARN_QUOTED_INCLUDE_IN_FRAMEWORK_HEADER = YES;
				CLANG_WARN_RANGE_LOOP_ANALYSIS = YES;
				CLANG_WARN_STRICT_PROTOTYPES = YES;
				CLANG_WARN_SUSPICIOUS_MOVE = YES;
				CLANG_WARN_UNGUARDED_AVAILABILITY = YES_AGGRESSIVE;
				CLANG_WARN_UNREACHABLE_CODE = YES;
				CLANG_WARN__DUPLICATE_METHOD_MATCH = YES;
				COPY_PHASE_STRIP = NO;
				DEBUG_INFORMATION_FORMAT = "dwarf-with-dsym";
				DEVELOPMENT_TEAM = KJ66BJ6KYX;
				ENABLE_NS_ASSERTIONS = NO;
				ENABLE_STRICT_OBJC_MSGSEND = YES;
				ENABLE_USER_SCRIPT_SANDBOXING = YES;
				GCC_C_LANGUAGE_STANDARD = gnu17;
				GCC_NO_COMMON_BLOCKS = YES;
				GCC_WARN_64_TO_32_BIT_CONVERSION = YES;
				GCC_WARN_ABOUT_RETURN_TYPE = YES_ERROR;
				GCC_WARN_UNDECLARED_SELECTOR = YES;
				GCC_WARN_UNINITIALIZED_AUTOS = YES_AGGRESSIVE;
				GCC_WARN_UNUSED_FUNCTION = YES;
				GCC_WARN_UNUSED_VARIABLE = YES;
				LOCALIZATION_PREFERS_STRING_CATALOGS = YES;
				MTL_ENABLE_DEBUG_INFO = NO;
				MTL_FAST_MATH = YES;
				PRODUCT_BUNDLE_IDENTIFIER = "$(PRODUCT_BUNDLE_IDENTIFIER)";
				SWIFT_COMPILATION_MODE = wholemodule;
			};
			name = Release;
		};
		1C5436192DE2224000153F4F /* Dev */ = {
			isa = XCBuildConfiguration;
			baseConfigurationReference = 1C88DD9A2E0BB8FC000D7CD0 /* Dev.xcconfig */;
			buildSettings = {
				ASSETCATALOG_COMPILER_APPICON_NAME = AppIcon;
				ASSETCATALOG_COMPILER_GLOBAL_ACCENT_COLOR_NAME = AccentColor;
				CODE_SIGN_ENTITLEMENTS = FreshWallApp/FreshWall.entitlements;
				CODE_SIGN_STYLE = Automatic;
				CURRENT_PROJECT_VERSION = "$(IDENTITY_BUILD)";
				DEBUG_INFORMATION_FORMAT = "dwarf-with-dsym";
				DEVELOPMENT_TEAM = KJ66BJ6KYX;
				ENABLE_HARDENED_RUNTIME = YES;
				ENABLE_PREVIEWS = YES;
				FIREBASE_GOOGLE_SERVICE_PLIST = "$(FIREBASE_GOOGLE_SERVICE_PLIST)";
				GENERATE_INFOPLIST_FILE = YES;
				INFOPLIST_FILE = "FreshWall-Dev-Info.plist";
				INFOPLIST_KEY_CFBundleDisplayName = "FreshWall Dev";
				INFOPLIST_KEY_ITSAppUsesNonExemptEncryption = NO;
				INFOPLIST_KEY_LSApplicationCategoryType = "public.app-category.business";
				INFOPLIST_KEY_NSCameraUsageDescription = "Taking photos of the graffiti";
				INFOPLIST_KEY_NSLocalNetworkUsageDescription = "FreshWall connects to Firebase development servers on your local network for testing and development purposes. This includes authentication (port 9099), database (port 8080), and cloud functions (port 5001).";
				INFOPLIST_KEY_NSLocationAlwaysAndWhenInUseUsageDescription = "FreshWall needs location access to capture GPS coordinates for incident reports. This helps accurately track where graffiti removal work is performed for client documentation.";
				INFOPLIST_KEY_NSLocationWhenInUseUsageDescription = "FreshWall needs location access to capture GPS coordinates for incident reports. This helps accurately track where graffiti removal work is performed for client documentation.";
				INFOPLIST_KEY_NSPhotoLibraryAddUsageDescription = "FreshWall saves photos to your Camera Roll for backup and easy access outside the app.";
				INFOPLIST_KEY_NSPhotoLibraryUsageDescription = "FreshWall accesses your photo library to organize incident photos in a dedicated FreshWall album.";
				"INFOPLIST_KEY_UIApplicationSceneManifest_Generation[sdk=iphoneos*]" = YES;
				"INFOPLIST_KEY_UIApplicationSceneManifest_Generation[sdk=iphonesimulator*]" = YES;
				"INFOPLIST_KEY_UIApplicationSupportsIndirectInputEvents[sdk=iphoneos*]" = YES;
				"INFOPLIST_KEY_UIApplicationSupportsIndirectInputEvents[sdk=iphonesimulator*]" = YES;
				"INFOPLIST_KEY_UILaunchScreen_Generation[sdk=iphoneos*]" = YES;
				"INFOPLIST_KEY_UILaunchScreen_Generation[sdk=iphonesimulator*]" = YES;
				"INFOPLIST_KEY_UIStatusBarStyle[sdk=iphoneos*]" = UIStatusBarStyleDefault;
				"INFOPLIST_KEY_UIStatusBarStyle[sdk=iphonesimulator*]" = UIStatusBarStyleDefault;
				INFOPLIST_KEY_UISupportedInterfaceOrientations_iPad = "UIInterfaceOrientationPortrait UIInterfaceOrientationPortraitUpsideDown UIInterfaceOrientationLandscapeLeft UIInterfaceOrientationLandscapeRight";
				INFOPLIST_KEY_UISupportedInterfaceOrientations_iPhone = "UIInterfaceOrientationPortrait UIInterfaceOrientationLandscapeLeft UIInterfaceOrientationLandscapeRight";
				IPHONEOS_DEPLOYMENT_TARGET = "$(IPHONEOS_DEPLOYMENT_TARGET)";
				LD_RUNPATH_SEARCH_PATHS = "@executable_path/Frameworks";
				"LD_RUNPATH_SEARCH_PATHS[sdk=macosx*]" = "@executable_path/../Frameworks";
				MACOSX_DEPLOYMENT_TARGET = 15.3;
				MARKETING_VERSION = "$(IDENTITY_VERSION)";
				PRODUCT_BUNDLE_IDENTIFIER = "$(PRODUCT_BUNDLE_IDENTIFIER)";
				PRODUCT_NAME = "$(TARGET_NAME)";
				REGISTER_APP_GROUPS = YES;
				SDKROOT = auto;
				SUPPORTED_PLATFORMS = "iphoneos iphonesimulator";
				SUPPORTS_MACCATALYST = NO;
				SWIFT_EMIT_LOC_STRINGS = YES;
				SWIFT_VERSION = 6.0;
				TARGETED_DEVICE_FAMILY = 1;
				XROS_DEPLOYMENT_TARGET = 2.4;
			};
			name = Dev;
		};
		1C54361A2DE2224000153F4F /* Release */ = {
			isa = XCBuildConfiguration;
			baseConfigurationReference = 1C88DD9B2E0BB8FC000D7CD0 /* Release.xcconfig */;
			buildSettings = {
				ASSETCATALOG_COMPILER_APPICON_NAME = AppIcon;
				ASSETCATALOG_COMPILER_GLOBAL_ACCENT_COLOR_NAME = AccentColor;
				CODE_SIGN_ENTITLEMENTS = FreshWallApp/FreshWall.entitlements;
				CODE_SIGN_IDENTITY = "Apple Development";
				CODE_SIGN_STYLE = Automatic;
				CURRENT_PROJECT_VERSION = "$(IDENTITY_BUILD)";
				DEVELOPMENT_TEAM = KJ66BJ6KYX;
				ENABLE_HARDENED_RUNTIME = YES;
				ENABLE_PREVIEWS = YES;
				FIREBASE_GOOGLE_SERVICE_PLIST = "$(FIREBASE_GOOGLE_SERVICE_PLIST)";
				GENERATE_INFOPLIST_FILE = YES;
				INFOPLIST_FILE = "FreshWall-Info.plist";
				INFOPLIST_KEY_CFBundleDisplayName = "FreshWall Dev";
				INFOPLIST_KEY_ITSAppUsesNonExemptEncryption = NO;
				INFOPLIST_KEY_LSApplicationCategoryType = "public.app-category.business";
				INFOPLIST_KEY_NSCameraUsageDescription = "Taking photos of the graffiti";
				INFOPLIST_KEY_NSLocalNetworkUsageDescription = "FreshWall connects to Firebase development servers on your local network for testing and development purposes. This includes authentication (port 9099), database (port 8080), and cloud functions (port 5001).";
				INFOPLIST_KEY_NSLocationAlwaysAndWhenInUseUsageDescription = "FreshWall needs location access to capture GPS coordinates for incident reports. This helps accurately track where graffiti removal work is performed for client documentation.";
				INFOPLIST_KEY_NSLocationWhenInUseUsageDescription = "FreshWall needs location access to capture GPS coordinates for incident reports. This helps accurately track where graffiti removal work is performed for client documentation.";
				INFOPLIST_KEY_NSPhotoLibraryAddUsageDescription = "FreshWall saves photos to your Camera Roll for backup and easy access outside the app.";
				INFOPLIST_KEY_NSPhotoLibraryUsageDescription = "FreshWall accesses your photo library to organize incident photos in a dedicated FreshWall album.";
				"INFOPLIST_KEY_UIApplicationSceneManifest_Generation[sdk=iphoneos*]" = YES;
				"INFOPLIST_KEY_UIApplicationSceneManifest_Generation[sdk=iphonesimulator*]" = YES;
				"INFOPLIST_KEY_UIApplicationSupportsIndirectInputEvents[sdk=iphoneos*]" = YES;
				"INFOPLIST_KEY_UIApplicationSupportsIndirectInputEvents[sdk=iphonesimulator*]" = YES;
				"INFOPLIST_KEY_UILaunchScreen_Generation[sdk=iphoneos*]" = YES;
				"INFOPLIST_KEY_UILaunchScreen_Generation[sdk=iphonesimulator*]" = YES;
				"INFOPLIST_KEY_UIStatusBarStyle[sdk=iphoneos*]" = UIStatusBarStyleDefault;
				"INFOPLIST_KEY_UIStatusBarStyle[sdk=iphonesimulator*]" = UIStatusBarStyleDefault;
				INFOPLIST_KEY_UISupportedInterfaceOrientations_iPad = "UIInterfaceOrientationPortrait UIInterfaceOrientationPortraitUpsideDown UIInterfaceOrientationLandscapeLeft UIInterfaceOrientationLandscapeRight";
				INFOPLIST_KEY_UISupportedInterfaceOrientations_iPhone = "UIInterfaceOrientationPortrait UIInterfaceOrientationLandscapeLeft UIInterfaceOrientationLandscapeRight";
				IPHONEOS_DEPLOYMENT_TARGET = "$(IPHONEOS_DEPLOYMENT_TARGET)";
				LD_RUNPATH_SEARCH_PATHS = "@executable_path/Frameworks";
				"LD_RUNPATH_SEARCH_PATHS[sdk=macosx*]" = "@executable_path/../Frameworks";
				MACOSX_DEPLOYMENT_TARGET = 15.3;
				MARKETING_VERSION = "$(IDENTITY_VERSION)";
				PRODUCT_BUNDLE_IDENTIFIER = "$(PRODUCT_BUNDLE_IDENTIFIER)";
				PRODUCT_NAME = "$(TARGET_NAME)";
				PROVISIONING_PROFILE_SPECIFIER = "";
				REGISTER_APP_GROUPS = YES;
				SDKROOT = auto;
				SUPPORTED_PLATFORMS = "iphoneos iphonesimulator";
				SUPPORTS_MACCATALYST = NO;
				SWIFT_EMIT_LOC_STRINGS = YES;
				SWIFT_VERSION = 6.0;
				TARGETED_DEVICE_FAMILY = 1;
				XROS_DEPLOYMENT_TARGET = 2.4;
			};
			name = Release;
		};
		1C54361C2DE2224000153F4F /* Dev */ = {
			isa = XCBuildConfiguration;
			buildSettings = {
				BUNDLE_LOADER = "$(TEST_HOST)";
				CODE_SIGN_STYLE = Automatic;
				CURRENT_PROJECT_VERSION = 1;
				DEVELOPMENT_TEAM = KJ66BJ6KYX;
				GENERATE_INFOPLIST_FILE = YES;
				IPHONEOS_DEPLOYMENT_TARGET = 18.4;
				MACOSX_DEPLOYMENT_TARGET = 15.3;
				MARKETING_VERSION = 1.0;
				PRODUCT_BUNDLE_IDENTIFIER = com.hi2gage.FreshWallTests;
				PRODUCT_NAME = "$(TARGET_NAME)";
				SDKROOT = auto;
				SUPPORTED_PLATFORMS = "iphoneos iphonesimulator";
				SUPPORTS_MACCATALYST = NO;
				SWIFT_EMIT_LOC_STRINGS = NO;
				SWIFT_VERSION = 5.0;
				TARGETED_DEVICE_FAMILY = 1;
				TEST_HOST = "$(BUILT_PRODUCTS_DIR)/FreshWall.app/$(BUNDLE_EXECUTABLE_FOLDER_PATH)/FreshWall";
				XROS_DEPLOYMENT_TARGET = 2.4;
			};
			name = Dev;
		};
		1C54361D2DE2224000153F4F /* Release */ = {
			isa = XCBuildConfiguration;
			buildSettings = {
				BUNDLE_LOADER = "$(TEST_HOST)";
				CODE_SIGN_STYLE = Automatic;
				CURRENT_PROJECT_VERSION = 1;
				DEVELOPMENT_TEAM = KJ66BJ6KYX;
				GENERATE_INFOPLIST_FILE = YES;
				IPHONEOS_DEPLOYMENT_TARGET = 18.4;
				MACOSX_DEPLOYMENT_TARGET = 15.3;
				MARKETING_VERSION = 1.0;
				PRODUCT_BUNDLE_IDENTIFIER = com.hi2gage.FreshWallTests;
				PRODUCT_NAME = "$(TARGET_NAME)";
				SDKROOT = auto;
				SUPPORTED_PLATFORMS = "iphoneos iphonesimulator";
				SUPPORTS_MACCATALYST = NO;
				SWIFT_EMIT_LOC_STRINGS = NO;
				SWIFT_VERSION = 5.0;
				TARGETED_DEVICE_FAMILY = 1;
				TEST_HOST = "$(BUILT_PRODUCTS_DIR)/FreshWall.app/$(BUNDLE_EXECUTABLE_FOLDER_PATH)/FreshWall";
				XROS_DEPLOYMENT_TARGET = 2.4;
			};
			name = Release;
		};
		1C54361F2DE2224000153F4F /* Dev */ = {
			isa = XCBuildConfiguration;
			buildSettings = {
				CODE_SIGN_STYLE = Automatic;
				CURRENT_PROJECT_VERSION = 1;
				DEVELOPMENT_TEAM = KJ66BJ6KYX;
				GENERATE_INFOPLIST_FILE = YES;
				IPHONEOS_DEPLOYMENT_TARGET = 18.4;
				MACOSX_DEPLOYMENT_TARGET = 15.3;
				MARKETING_VERSION = 1.0;
				PRODUCT_BUNDLE_IDENTIFIER = com.hi2gage.FreshWallUITests;
				PRODUCT_NAME = "$(TARGET_NAME)";
				SDKROOT = auto;
				SUPPORTED_PLATFORMS = "iphoneos iphonesimulator macosx xros xrsimulator";
				SWIFT_EMIT_LOC_STRINGS = NO;
				SWIFT_VERSION = 5.0;
				TARGETED_DEVICE_FAMILY = "1,2,7";
				TEST_TARGET_NAME = FreshWall;
				XROS_DEPLOYMENT_TARGET = 2.4;
			};
			name = Dev;
		};
		1C5436202DE2224000153F4F /* Release */ = {
			isa = XCBuildConfiguration;
			buildSettings = {
				CODE_SIGN_STYLE = Automatic;
				CURRENT_PROJECT_VERSION = 1;
				DEVELOPMENT_TEAM = KJ66BJ6KYX;
				GENERATE_INFOPLIST_FILE = YES;
				IPHONEOS_DEPLOYMENT_TARGET = 18.4;
				MACOSX_DEPLOYMENT_TARGET = 15.3;
				MARKETING_VERSION = 1.0;
				PRODUCT_BUNDLE_IDENTIFIER = com.hi2gage.FreshWallUITests;
				PRODUCT_NAME = "$(TARGET_NAME)";
				SDKROOT = auto;
				SUPPORTED_PLATFORMS = "iphoneos iphonesimulator macosx xros xrsimulator";
				SWIFT_EMIT_LOC_STRINGS = NO;
				SWIFT_VERSION = 5.0;
				TARGETED_DEVICE_FAMILY = "1,2,7";
				TEST_TARGET_NAME = FreshWall;
				XROS_DEPLOYMENT_TARGET = 2.4;
			};
			name = Release;
		};
		1CDE614D2E0BB6F0005B35FF /* Beta */ = {
			isa = XCBuildConfiguration;
			baseConfigurationReference = 1C88DD992E0BB8FC000D7CD0 /* Beta.xcconfig */;
			buildSettings = {
				ALWAYS_SEARCH_USER_PATHS = NO;
				ASSETCATALOG_COMPILER_GENERATE_SWIFT_ASSET_SYMBOL_EXTENSIONS = YES;
				CLANG_ANALYZER_NONNULL = YES;
				CLANG_ANALYZER_NUMBER_OBJECT_CONVERSION = YES_AGGRESSIVE;
				CLANG_CXX_LANGUAGE_STANDARD = "gnu++20";
				CLANG_ENABLE_MODULES = YES;
				CLANG_ENABLE_OBJC_ARC = YES;
				CLANG_ENABLE_OBJC_WEAK = YES;
				CLANG_WARN_BLOCK_CAPTURE_AUTORELEASING = YES;
				CLANG_WARN_BOOL_CONVERSION = YES;
				CLANG_WARN_COMMA = YES;
				CLANG_WARN_CONSTANT_CONVERSION = YES;
				CLANG_WARN_DEPRECATED_OBJC_IMPLEMENTATIONS = YES;
				CLANG_WARN_DIRECT_OBJC_ISA_USAGE = YES_ERROR;
				CLANG_WARN_DOCUMENTATION_COMMENTS = YES;
				CLANG_WARN_EMPTY_BODY = YES;
				CLANG_WARN_ENUM_CONVERSION = YES;
				CLANG_WARN_INFINITE_RECURSION = YES;
				CLANG_WARN_INT_CONVERSION = YES;
				CLANG_WARN_NON_LITERAL_NULL_CONVERSION = YES;
				CLANG_WARN_OBJC_IMPLICIT_RETAIN_SELF = YES;
				CLANG_WARN_OBJC_LITERAL_CONVERSION = YES;
				CLANG_WARN_OBJC_ROOT_CLASS = YES_ERROR;
				CLANG_WARN_QUOTED_INCLUDE_IN_FRAMEWORK_HEADER = YES;
				CLANG_WARN_RANGE_LOOP_ANALYSIS = YES;
				CLANG_WARN_STRICT_PROTOTYPES = YES;
				CLANG_WARN_SUSPICIOUS_MOVE = YES;
				CLANG_WARN_UNGUARDED_AVAILABILITY = YES_AGGRESSIVE;
				CLANG_WARN_UNREACHABLE_CODE = YES;
				CLANG_WARN__DUPLICATE_METHOD_MATCH = YES;
				COPY_PHASE_STRIP = NO;
				DEBUG_INFORMATION_FORMAT = dwarf;
				DEVELOPMENT_TEAM = KJ66BJ6KYX;
				ENABLE_STRICT_OBJC_MSGSEND = YES;
				ENABLE_TESTABILITY = YES;
				ENABLE_USER_SCRIPT_SANDBOXING = YES;
				GCC_C_LANGUAGE_STANDARD = gnu17;
				GCC_DYNAMIC_NO_PIC = NO;
				GCC_NO_COMMON_BLOCKS = YES;
				GCC_OPTIMIZATION_LEVEL = 0;
				GCC_PREPROCESSOR_DEFINITIONS = (
					"DEBUG=1",
					"$(inherited)",
				);
				GCC_WARN_64_TO_32_BIT_CONVERSION = YES;
				GCC_WARN_ABOUT_RETURN_TYPE = YES_ERROR;
				GCC_WARN_UNDECLARED_SELECTOR = YES;
				GCC_WARN_UNINITIALIZED_AUTOS = YES_AGGRESSIVE;
				GCC_WARN_UNUSED_FUNCTION = YES;
				GCC_WARN_UNUSED_VARIABLE = YES;
				LOCALIZATION_PREFERS_STRING_CATALOGS = YES;
				MTL_ENABLE_DEBUG_INFO = INCLUDE_SOURCE;
				MTL_FAST_MATH = YES;
				ONLY_ACTIVE_ARCH = YES;
				PRODUCT_BUNDLE_IDENTIFIER = "$(PRODUCT_BUNDLE_IDENTIFIER)";
				SWIFT_ACTIVE_COMPILATION_CONDITIONS = "BETA $(inherited)";
				SWIFT_OPTIMIZATION_LEVEL = "-Onone";
			};
			name = Beta;
		};
		1CDE614E2E0BB6F0005B35FF /* Beta */ = {
			isa = XCBuildConfiguration;
			baseConfigurationReference = 1C88DD992E0BB8FC000D7CD0 /* Beta.xcconfig */;
			buildSettings = {
				ASSETCATALOG_COMPILER_APPICON_NAME = AppIcon;
				ASSETCATALOG_COMPILER_GLOBAL_ACCENT_COLOR_NAME = AccentColor;
				CODE_SIGN_ENTITLEMENTS = FreshWallApp/FreshWall.entitlements;
				CODE_SIGN_STYLE = Automatic;
				CURRENT_PROJECT_VERSION = "$(IDENTITY_BUILD)";
				DEBUG_INFORMATION_FORMAT = "dwarf-with-dsym";
				DEVELOPMENT_TEAM = KJ66BJ6KYX;
				ENABLE_HARDENED_RUNTIME = YES;
				ENABLE_PREVIEWS = YES;
				FIREBASE_GOOGLE_SERVICE_PLIST = "$(FIREBASE_GOOGLE_SERVICE_PLIST)";
				GENERATE_INFOPLIST_FILE = YES;
				INFOPLIST_FILE = "FreshWall-Info.plist";
				INFOPLIST_KEY_CFBundleDisplayName = "FreshWall Dev";
				INFOPLIST_KEY_ITSAppUsesNonExemptEncryption = NO;
				INFOPLIST_KEY_LSApplicationCategoryType = "public.app-category.business";
				INFOPLIST_KEY_NSCameraUsageDescription = "Taking photos of the graffiti";
				INFOPLIST_KEY_NSLocalNetworkUsageDescription = "FreshWall connects to Firebase development servers on your local network for testing and development purposes. This includes authentication (port 9099), database (port 8080), and cloud functions (port 5001).";
				INFOPLIST_KEY_NSLocationAlwaysAndWhenInUseUsageDescription = "FreshWall needs location access to capture GPS coordinates for incident reports. This helps accurately track where graffiti removal work is performed for client documentation.";
				INFOPLIST_KEY_NSLocationWhenInUseUsageDescription = "FreshWall needs location access to capture GPS coordinates for incident reports. This helps accurately track where graffiti removal work is performed for client documentation.";
				INFOPLIST_KEY_NSPhotoLibraryAddUsageDescription = "FreshWall saves photos to your Camera Roll for backup and easy access outside the app.";
				INFOPLIST_KEY_NSPhotoLibraryUsageDescription = "FreshWall accesses your photo library to organize incident photos in a dedicated FreshWall album.";
				"INFOPLIST_KEY_UIApplicationSceneManifest_Generation[sdk=iphoneos*]" = YES;
				"INFOPLIST_KEY_UIApplicationSceneManifest_Generation[sdk=iphonesimulator*]" = YES;
				"INFOPLIST_KEY_UIApplicationSupportsIndirectInputEvents[sdk=iphoneos*]" = YES;
				"INFOPLIST_KEY_UIApplicationSupportsIndirectInputEvents[sdk=iphonesimulator*]" = YES;
				"INFOPLIST_KEY_UILaunchScreen_Generation[sdk=iphoneos*]" = YES;
				"INFOPLIST_KEY_UILaunchScreen_Generation[sdk=iphonesimulator*]" = YES;
				"INFOPLIST_KEY_UIStatusBarStyle[sdk=iphoneos*]" = UIStatusBarStyleDefault;
				"INFOPLIST_KEY_UIStatusBarStyle[sdk=iphonesimulator*]" = UIStatusBarStyleDefault;
				INFOPLIST_KEY_UISupportedInterfaceOrientations_iPad = "UIInterfaceOrientationPortrait UIInterfaceOrientationPortraitUpsideDown UIInterfaceOrientationLandscapeLeft UIInterfaceOrientationLandscapeRight";
				INFOPLIST_KEY_UISupportedInterfaceOrientations_iPhone = "UIInterfaceOrientationPortrait UIInterfaceOrientationLandscapeLeft UIInterfaceOrientationLandscapeRight";
				IPHONEOS_DEPLOYMENT_TARGET = "$(IPHONEOS_DEPLOYMENT_TARGET)";
				LD_RUNPATH_SEARCH_PATHS = "@executable_path/Frameworks";
				"LD_RUNPATH_SEARCH_PATHS[sdk=macosx*]" = "@executable_path/../Frameworks";
				MACOSX_DEPLOYMENT_TARGET = 15.3;
				MARKETING_VERSION = "$(IDENTITY_VERSION)";
				PRODUCT_BUNDLE_IDENTIFIER = "$(PRODUCT_BUNDLE_IDENTIFIER)";
				PRODUCT_NAME = "$(TARGET_NAME)";
				REGISTER_APP_GROUPS = YES;
				SDKROOT = auto;
				SUPPORTED_PLATFORMS = "iphoneos iphonesimulator";
				SUPPORTS_MACCATALYST = NO;
				SWIFT_EMIT_LOC_STRINGS = YES;
				SWIFT_VERSION = 6.0;
				TARGETED_DEVICE_FAMILY = 1;
				XROS_DEPLOYMENT_TARGET = 2.4;
			};
			name = Beta;
		};
		1CDE61512E0BB6F0005B35FF /* Beta */ = {
			isa = XCBuildConfiguration;
			buildSettings = {
				BUNDLE_LOADER = "$(TEST_HOST)";
				CODE_SIGN_STYLE = Automatic;
				CURRENT_PROJECT_VERSION = 1;
				DEVELOPMENT_TEAM = KJ66BJ6KYX;
				GENERATE_INFOPLIST_FILE = YES;
				IPHONEOS_DEPLOYMENT_TARGET = 18.4;
				MACOSX_DEPLOYMENT_TARGET = 15.3;
				MARKETING_VERSION = 1.0;
				PRODUCT_BUNDLE_IDENTIFIER = com.hi2gage.FreshWallTests;
				PRODUCT_NAME = "$(TARGET_NAME)";
				SDKROOT = auto;
				SUPPORTED_PLATFORMS = "iphoneos iphonesimulator";
				SUPPORTS_MACCATALYST = NO;
				SWIFT_EMIT_LOC_STRINGS = NO;
				SWIFT_VERSION = 5.0;
				TARGETED_DEVICE_FAMILY = 1;
				TEST_HOST = "$(BUILT_PRODUCTS_DIR)/FreshWall.app/$(BUNDLE_EXECUTABLE_FOLDER_PATH)/FreshWall";
				XROS_DEPLOYMENT_TARGET = 2.4;
			};
			name = Beta;
		};
		1CDE61522E0BB6F0005B35FF /* Beta */ = {
			isa = XCBuildConfiguration;
			buildSettings = {
				CODE_SIGN_STYLE = Automatic;
				CURRENT_PROJECT_VERSION = 1;
				DEVELOPMENT_TEAM = KJ66BJ6KYX;
				GENERATE_INFOPLIST_FILE = YES;
				IPHONEOS_DEPLOYMENT_TARGET = 18.4;
				MACOSX_DEPLOYMENT_TARGET = 15.3;
				MARKETING_VERSION = 1.0;
				PRODUCT_BUNDLE_IDENTIFIER = com.hi2gage.FreshWallUITests;
				PRODUCT_NAME = "$(TARGET_NAME)";
				SDKROOT = auto;
				SUPPORTED_PLATFORMS = "iphoneos iphonesimulator macosx xros xrsimulator";
				SWIFT_EMIT_LOC_STRINGS = NO;
				SWIFT_VERSION = 5.0;
				TARGETED_DEVICE_FAMILY = "1,2,7";
				TEST_TARGET_NAME = FreshWall;
				XROS_DEPLOYMENT_TARGET = 2.4;
			};
			name = Beta;
		};
/* End XCBuildConfiguration section */

/* Begin XCConfigurationList section */
		1C5435F12DE2223F00153F4F /* Build configuration list for PBXProject "FreshWall" */ = {
			isa = XCConfigurationList;
			buildConfigurations = (
				1C5436162DE2224000153F4F /* Dev */,
				1CDE614D2E0BB6F0005B35FF /* Beta */,
				1C5436172DE2224000153F4F /* Release */,
			);
			defaultConfigurationIsVisible = 0;
			defaultConfigurationName = Release;
		};
		1C5436182DE2224000153F4F /* Build configuration list for PBXNativeTarget "FreshWall" */ = {
			isa = XCConfigurationList;
			buildConfigurations = (
				1C5436192DE2224000153F4F /* Dev */,
				1CDE614E2E0BB6F0005B35FF /* Beta */,
				1C54361A2DE2224000153F4F /* Release */,
			);
			defaultConfigurationIsVisible = 0;
			defaultConfigurationName = Release;
		};
		1C54361B2DE2224000153F4F /* Build configuration list for PBXNativeTarget "FreshWallTests" */ = {
			isa = XCConfigurationList;
			buildConfigurations = (
				1C54361C2DE2224000153F4F /* Dev */,
				1CDE61512E0BB6F0005B35FF /* Beta */,
				1C54361D2DE2224000153F4F /* Release */,
			);
			defaultConfigurationIsVisible = 0;
			defaultConfigurationName = Release;
		};
		1C54361E2DE2224000153F4F /* Build configuration list for PBXNativeTarget "FreshWallUITests" */ = {
			isa = XCConfigurationList;
			buildConfigurations = (
				1C54361F2DE2224000153F4F /* Dev */,
				1CDE61522E0BB6F0005B35FF /* Beta */,
				1C5436202DE2224000153F4F /* Release */,
			);
			defaultConfigurationIsVisible = 0;
			defaultConfigurationName = Release;
		};
/* End XCConfigurationList section */

/* Begin XCRemoteSwiftPackageReference section */
		1C4FC57B2E5FF37B004C158A /* XCRemoteSwiftPackageReference "TPPDF" */ = {
			isa = XCRemoteSwiftPackageReference;
			repositoryURL = "https://github.com/techprimate/TPPDF";
			requirement = {
				kind = upToNextMajorVersion;
				minimumVersion = 2.6.1;
			};
		};
		1C54365B2DE224C600153F4F /* XCRemoteSwiftPackageReference "firebase-ios-sdk" */ = {
			isa = XCRemoteSwiftPackageReference;
			repositoryURL = "https://github.com/firebase/firebase-ios-sdk.git";
			requirement = {
				kind = upToNextMajorVersion;
				minimumVersion = 11.13.0;
			};
		};
		1C54371C2DE2AB7100153F4F /* XCRemoteSwiftPackageReference "SwiftLintPlugins" */ = {
			isa = XCRemoteSwiftPackageReference;
			repositoryURL = "https://github.com/SimplyDanny/SwiftLintPlugins";
			requirement = {
				kind = upToNextMajorVersion;
				minimumVersion = 0.59.1;
			};
		};
		1C783F3C2E71E17E008AFA63 /* XCRemoteSwiftPackageReference "TinyStorage" */ = {
			isa = XCRemoteSwiftPackageReference;
			repositoryURL = "https://github.com/christianselig/TinyStorage.git";
			requirement = {
				kind = upToNextMajorVersion;
				minimumVersion = 1.0.17;
			};
		};
		1CA0F2412E7BE04800AC3F88 /* XCRemoteSwiftPackageReference "GoogleSignIn-iOS" */ = {
			isa = XCRemoteSwiftPackageReference;
			repositoryURL = "https://github.com/google/GoogleSignIn-iOS";
			requirement = {
				kind = upToNextMajorVersion;
				minimumVersion = 9.0.0;
			};
		};
		1CE7DC332E76B4EF0088910A /* XCRemoteSwiftPackageReference "Nuke" */ = {
			isa = XCRemoteSwiftPackageReference;
			repositoryURL = "https://github.com/kean/Nuke.git";
			requirement = {
				kind = upToNextMajorVersion;
				minimumVersion = 12.8.0;
			};
		};
		1CE7DC402E772F3D0088910A /* XCRemoteSwiftPackageReference "SwiftUI-Shimmer" */ = {
			isa = XCRemoteSwiftPackageReference;
			repositoryURL = "https://github.com/markiv/SwiftUI-Shimmer";
			requirement = {
				kind = upToNextMajorVersion;
				minimumVersion = 1.5.1;
			};
		};
/* End XCRemoteSwiftPackageReference section */

/* Begin XCSwiftPackageProductDependency section */
		1C4FC57C2E5FF37B004C158A /* TPPDF */ = {
			isa = XCSwiftPackageProductDependency;
			package = 1C4FC57B2E5FF37B004C158A /* XCRemoteSwiftPackageReference "TPPDF" */;
			productName = TPPDF;
		};
		1C54365C2DE224C600153F4F /* FirebaseAuth */ = {
			isa = XCSwiftPackageProductDependency;
			package = 1C54365B2DE224C600153F4F /* XCRemoteSwiftPackageReference "firebase-ios-sdk" */;
			productName = FirebaseAuth;
		};
		1C54365E2DE224C600153F4F /* FirebaseFirestore */ = {
			isa = XCSwiftPackageProductDependency;
			package = 1C54365B2DE224C600153F4F /* XCRemoteSwiftPackageReference "firebase-ios-sdk" */;
			productName = FirebaseFirestore;
		};
		1C5436602DE224C600153F4F /* FirebaseStorage */ = {
			isa = XCSwiftPackageProductDependency;
			package = 1C54365B2DE224C600153F4F /* XCRemoteSwiftPackageReference "firebase-ios-sdk" */;
			productName = FirebaseStorage;
		};
		1C5437172DE2558400153F4F /* FirebaseFunctions */ = {
			isa = XCSwiftPackageProductDependency;
			package = 1C54365B2DE224C600153F4F /* XCRemoteSwiftPackageReference "firebase-ios-sdk" */;
			productName = FirebaseFunctions;
		};
		1C783F3D2E71E17E008AFA63 /* TinyStorage */ = {
			isa = XCSwiftPackageProductDependency;
			package = 1C783F3C2E71E17E008AFA63 /* XCRemoteSwiftPackageReference "TinyStorage" */;
			productName = TinyStorage;
		};
		1CA0F2422E7BE04800AC3F88 /* GoogleSignIn */ = {
			isa = XCSwiftPackageProductDependency;
			package = 1CA0F2412E7BE04800AC3F88 /* XCRemoteSwiftPackageReference "GoogleSignIn-iOS" */;
			productName = GoogleSignIn;
		};
		1CA0F2442E7BE04800AC3F88 /* GoogleSignInSwift */ = {
			isa = XCSwiftPackageProductDependency;
			package = 1CA0F2412E7BE04800AC3F88 /* XCRemoteSwiftPackageReference "GoogleSignIn-iOS" */;
			productName = GoogleSignInSwift;
		};
		1CE7DC342E76B4EF0088910A /* Nuke */ = {
			isa = XCSwiftPackageProductDependency;
			package = 1CE7DC332E76B4EF0088910A /* XCRemoteSwiftPackageReference "Nuke" */;
			productName = Nuke;
		};
		1CE7DC362E76B4EF0088910A /* NukeExtensions */ = {
			isa = XCSwiftPackageProductDependency;
			package = 1CE7DC332E76B4EF0088910A /* XCRemoteSwiftPackageReference "Nuke" */;
			productName = NukeExtensions;
		};
		1CE7DC382E76B4EF0088910A /* NukeUI */ = {
			isa = XCSwiftPackageProductDependency;
			package = 1CE7DC332E76B4EF0088910A /* XCRemoteSwiftPackageReference "Nuke" */;
			productName = NukeUI;
		};
		1CE7DC412E772F3D0088910A /* Shimmer */ = {
			isa = XCSwiftPackageProductDependency;
			package = 1CE7DC402E772F3D0088910A /* XCRemoteSwiftPackageReference "SwiftUI-Shimmer" */;
			productName = Shimmer;
		};
/* End XCSwiftPackageProductDependency section */
	};
	rootObject = 1C5435EE2DE2223F00153F4F /* Project object */;
}
