// !$*UTF8*$!
{
	archiveVersion = 1;
	classes = {
	};
	objectVersion = 77;
	objects = {

/* Begin PBXBuildFile section */
		1C54365D2DE224C600153F4F /* FirebaseAuth in Frameworks */ = {isa = PBXBuildFile; productRef = 1C54365C2DE224C600153F4F /* FirebaseAuth */; };
		1C54365F2DE224C600153F4F /* FirebaseFirestore in Frameworks */ = {isa = PBXBuildFile; productRef = 1C54365E2DE224C600153F4F /* FirebaseFirestore */; };
		1C5436612DE224C600153F4F /* FirebaseStorage in Frameworks */ = {isa = PBXBuildFile; productRef = 1C5436602DE224C600153F4F /* FirebaseStorage */; };
		1C5437182DE2558400153F4F /* FirebaseFunctions in Frameworks */ = {isa = PBXBuildFile; productRef = 1C5437172DE2558400153F4F /* FirebaseFunctions */; };
		1CA3B46A2E0281F200A04DB7 /* TestPlan.xctestplan in Resources */ = {isa = PBXBuildFile; fileRef = 1CA3B4692E0281F200A04DB7 /* TestPlan.xctestplan */; };
		1CDE5E082E0A72C0005B35FF /* FirebaseAuth in Frameworks */ = {isa = PBXBuildFile; productRef = 1CDE5E012E0A72C0005B35FF /* FirebaseAuth */; };
		1CDE5E092E0A72C0005B35FF /* FirebaseFirestore in Frameworks */ = {isa = PBXBuildFile; productRef = 1CDE5E032E0A72C0005B35FF /* FirebaseFirestore */; };
		1CDE5E0A2E0A72C0005B35FF /* FirebaseStorage in Frameworks */ = {isa = PBXBuildFile; productRef = 1CDE5E042E0A72C0005B35FF /* FirebaseStorage */; };
		1CDE5E0B2E0A72C0005B35FF /* FirebaseFunctions in Frameworks */ = {isa = PBXBuildFile; productRef = 1CDE5E052E0A72C0005B35FF /* FirebaseFunctions */; };
		1CDE5E0D2E0A72C0005B35FF /* TestPlan.xctestplan in Resources */ = {isa = PBXBuildFile; fileRef = 1CA3B4692E0281F200A04DB7 /* TestPlan.xctestplan */; };
		1CDE5E1C2E0A72C9005B35FF /* FirebaseAuth in Frameworks */ = {isa = PBXBuildFile; productRef = 1CDE5E152E0A72C9005B35FF /* FirebaseAuth */; };
		1CDE5E1D2E0A72C9005B35FF /* FirebaseFirestore in Frameworks */ = {isa = PBXBuildFile; productRef = 1CDE5E172E0A72C9005B35FF /* FirebaseFirestore */; };
		1CDE5E1E2E0A72C9005B35FF /* FirebaseStorage in Frameworks */ = {isa = PBXBuildFile; productRef = 1CDE5E182E0A72C9005B35FF /* FirebaseStorage */; };
		1CDE5E1F2E0A72C9005B35FF /* FirebaseFunctions in Frameworks */ = {isa = PBXBuildFile; productRef = 1CDE5E192E0A72C9005B35FF /* FirebaseFunctions */; };
		1CDE5E212E0A72C9005B35FF /* TestPlan.xctestplan in Resources */ = {isa = PBXBuildFile; fileRef = 1CA3B4692E0281F200A04DB7 /* TestPlan.xctestplan */; };
/* End PBXBuildFile section */

/* Begin PBXContainerItemProxy section */
		1C5436052DE2224000153F4F /* PBXContainerItemProxy */ = {
			isa = PBXContainerItemProxy;
			containerPortal = 1C5435EE2DE2223F00153F4F /* Project object */;
			proxyType = 1;
			remoteGlobalIDString = 1C5435F52DE2223F00153F4F;
			remoteInfo = FreshWall;
		};
		1C54360F2DE2224000153F4F /* PBXContainerItemProxy */ = {
			isa = PBXContainerItemProxy;
			containerPortal = 1C5435EE2DE2223F00153F4F /* Project object */;
			proxyType = 1;
			remoteGlobalIDString = 1C5435F52DE2223F00153F4F;
			remoteInfo = FreshWall;
		};
/* End PBXContainerItemProxy section */

/* Begin PBXFileReference section */
		1C5435F62DE2223F00153F4F /* FreshWall.app */ = {isa = PBXFileReference; explicitFileType = wrapper.application; includeInIndex = 0; path = FreshWall.app; sourceTree = BUILT_PRODUCTS_DIR; };
		1C5436042DE2224000153F4F /* FreshWallTests.xctest */ = {isa = PBXFileReference; explicitFileType = wrapper.cfbundle; includeInIndex = 0; path = FreshWallTests.xctest; sourceTree = BUILT_PRODUCTS_DIR; };
		1C54360E2DE2224000153F4F /* FreshWallUITests.xctest */ = {isa = PBXFileReference; explicitFileType = wrapper.cfbundle; includeInIndex = 0; path = FreshWallUITests.xctest; sourceTree = BUILT_PRODUCTS_DIR; };
		1CA3B4692E0281F200A04DB7 /* TestPlan.xctestplan */ = {isa = PBXFileReference; lastKnownFileType = text; path = TestPlan.xctestplan; sourceTree = "<group>"; };
		1CDE5E112E0A72C0005B35FF /* FreshWall-Beta.app */ = {isa = PBXFileReference; explicitFileType = wrapper.application; includeInIndex = 0; path = "FreshWall-Beta.app"; sourceTree = BUILT_PRODUCTS_DIR; };
		1CDE5E252E0A72C9005B35FF /* FreshWall-Dev.app */ = {isa = PBXFileReference; explicitFileType = wrapper.application; includeInIndex = 0; path = "FreshWall-Dev.app"; sourceTree = BUILT_PRODUCTS_DIR; };
/* End PBXFileReference section */

/* Begin PBXFileSystemSynchronizedBuildFileExceptionSet section */
		1CDE5E122E0A72C0005B35FF /* Exceptions for "FreshWallApp" folder in "FreshWall-Beta" target */ = {
			isa = PBXFileSystemSynchronizedBuildFileExceptionSet;
			membershipExceptions = (
				Assets.xcassets,
				Auth/AuthService.swift,
				Auth/LoginManager.swift,
				Auth/SessionService.swift,
				Auth/SessionStore.swift,
				Auth/Views/AuthFlowView.swift,
				Auth/Views/SignupWithExistingTeamView.swift,
				Auth/Views/SignupWithNewTeamView.swift,
				Clients/AddClientView.swift,
				Clients/AddClientViewModel.swift,
				Clients/ClientDetailView.swift,
				Clients/ClientListCell.swift,
				Clients/ClientsListView.swift,
				Clients/ClientsListViewModel.swift,
				Clients/ClientSortField.swift,
				Clients/EditClientView.swift,
				Clients/EditClientViewModel.swift,
				Clients/Models/ClientCellModel.swift,
				Clients/Repositories/ClientsRepository.swift,
				ContentView.swift,
				Domain/IncidentRow.swift,
				Domain/MemberRow.swift,
				FreshWallApp.swift,
				FreshWallPreview.swift,
				GenericViews/AsyncSheet.swift,
				GenericViews/GenericGroupableListView.swift,
				GenericViews/GenericListView.swift,
				"GenericViews/Label+extension.swift",
				GenericViews/ListCellStyle.swift,
				GenericViews/PhotoCarousel.swift,
				GenericViews/PhotoPicker.swift,
				GenericViews/PhotoViewer.swift,
				GenericViews/PhotoViewerContext.swift,
				GenericViews/Sort/SortButton.swift,
				GenericViews/Sort/SortFieldRepresentable.swift,
				GenericViews/Sort/SortState.swift,
				GenericViews/ZoomableModifer.swift,
				"GoogleService-Info.plist",
				Incidents/AddIncidentView.swift,
				Incidents/AddIncidentViewModel.swift,
				Incidents/EditIncidentView.swift,
				Incidents/EditIncidentViewModel.swift,
				Incidents/IncidentDetailView.swift,
				Incidents/IncidentGroupOption.swift,
				Incidents/IncidentListCell.swift,
				Incidents/IncidentsListView.swift,
				Incidents/IncidentsListViewModel.swift,
				Incidents/IncidentSortField.swift,
				MainAppView.swift,
				MainListView.swift,
				Members/InviteMemberView.swift,
				Members/InviteMemberViewModel.swift,
				Members/MemberDetailView.swift,
				Members/MemberGroupOption.swift,
				Members/MemberListCell.swift,
				Members/MembersListView.swift,
				Members/MembersListViewModel.swift,
				Members/MemberSortField.swift,
				Models/Client.swift,
				Models/ClientDTO.swift,
				Models/Incident.swift,
				Models/IncidentDTO.swift,
				Models/IncidentPhoto.swift,
				Models/IncidentPhotoDTO.swift,
				Models/Member.swift,
				"Models/PickedPhoto+IncidentDTO.swift",
				Models/TeamDTO.swift,
				Models/UserDTO.swift,
				Models/UserSession.swift,
				Navigation/LoginRouterPath.swift,
				Navigation/RouterPath.swift,
				RootView.swift,
				Services/ClientModelService.swift,
				Services/ClientService.swift,
				Services/FirebaseConfiguration.swift,
				Services/IncidentModelService.swift,
				Services/IncidentPhotoService.swift,
				Services/IncidentService.swift,
				"Services/Input Models/AddClientInput.swift",
				"Services/Input Models/AddIncidentInput.swift",
				"Services/Input Models/AddMemberInput.swift",
				"Services/Input Models/UpdateClientInput.swift",
				"Services/Input Models/UpdateIncidentInput.swift",
				Services/InviteCodeService.swift,
				Services/MemberService.swift,
				Services/PhotoMetadataService.swift,
				Services/StorageService.swift,
				Services/UserModelService.swift,
				Services/UserService.swift,
			);
			target = 1CDE5DFF2E0A72C0005B35FF /* FreshWall-Beta */;
		};
		1CDE5E262E0A72C9005B35FF /* Exceptions for "FreshWallApp" folder in "FreshWall-Dev" target */ = {
			isa = PBXFileSystemSynchronizedBuildFileExceptionSet;
			membershipExceptions = (
				Assets.xcassets,
				Auth/AuthService.swift,
				Auth/LoginManager.swift,
				Auth/SessionService.swift,
				Auth/SessionStore.swift,
				Auth/Views/AuthFlowView.swift,
				Auth/Views/SignupWithExistingTeamView.swift,
				Auth/Views/SignupWithNewTeamView.swift,
				Clients/AddClientView.swift,
				Clients/AddClientViewModel.swift,
				Clients/ClientDetailView.swift,
				Clients/ClientListCell.swift,
				Clients/ClientsListView.swift,
				Clients/ClientsListViewModel.swift,
				Clients/ClientSortField.swift,
				Clients/EditClientView.swift,
				Clients/EditClientViewModel.swift,
				Clients/Models/ClientCellModel.swift,
				Clients/Repositories/ClientsRepository.swift,
				ContentView.swift,
				Domain/IncidentRow.swift,
				Domain/MemberRow.swift,
				FreshWallApp.swift,
				FreshWallPreview.swift,
				GenericViews/AsyncSheet.swift,
				GenericViews/GenericGroupableListView.swift,
				GenericViews/GenericListView.swift,
				"GenericViews/Label+extension.swift",
				GenericViews/ListCellStyle.swift,
				GenericViews/PhotoCarousel.swift,
				GenericViews/PhotoPicker.swift,
				GenericViews/PhotoViewer.swift,
				GenericViews/PhotoViewerContext.swift,
				GenericViews/Sort/SortButton.swift,
				GenericViews/Sort/SortFieldRepresentable.swift,
				GenericViews/Sort/SortState.swift,
				GenericViews/ZoomableModifer.swift,
				"GoogleService-Info.plist",
				Incidents/AddIncidentView.swift,
				Incidents/AddIncidentViewModel.swift,
				Incidents/EditIncidentView.swift,
				Incidents/EditIncidentViewModel.swift,
				Incidents/IncidentDetailView.swift,
				Incidents/IncidentGroupOption.swift,
				Incidents/IncidentListCell.swift,
				Incidents/IncidentsListView.swift,
				Incidents/IncidentsListViewModel.swift,
				Incidents/IncidentSortField.swift,
				MainAppView.swift,
				MainListView.swift,
				Members/InviteMemberView.swift,
				Members/InviteMemberViewModel.swift,
				Members/MemberDetailView.swift,
				Members/MemberGroupOption.swift,
				Members/MemberListCell.swift,
				Members/MembersListView.swift,
				Members/MembersListViewModel.swift,
				Members/MemberSortField.swift,
				Models/Client.swift,
				Models/ClientDTO.swift,
				Models/Incident.swift,
				Models/IncidentDTO.swift,
				Models/IncidentPhoto.swift,
				Models/IncidentPhotoDTO.swift,
				Models/Member.swift,
				"Models/PickedPhoto+IncidentDTO.swift",
				Models/TeamDTO.swift,
				Models/UserDTO.swift,
				Models/UserSession.swift,
				Navigation/LoginRouterPath.swift,
				Navigation/RouterPath.swift,
				RootView.swift,
				Services/ClientModelService.swift,
				Services/ClientService.swift,
				Services/FirebaseConfiguration.swift,
				Services/IncidentModelService.swift,
				Services/IncidentPhotoService.swift,
				Services/IncidentService.swift,
				"Services/Input Models/AddClientInput.swift",
				"Services/Input Models/AddIncidentInput.swift",
				"Services/Input Models/AddMemberInput.swift",
				"Services/Input Models/UpdateClientInput.swift",
				"Services/Input Models/UpdateIncidentInput.swift",
				Services/InviteCodeService.swift,
				Services/MemberService.swift,
				Services/PhotoMetadataService.swift,
				Services/StorageService.swift,
				Services/UserModelService.swift,
				Services/UserService.swift,
			);
			target = 1CDE5E132E0A72C9005B35FF /* FreshWall-Dev */;
		};
/* End PBXFileSystemSynchronizedBuildFileExceptionSet section */

/* Begin PBXFileSystemSynchronizedRootGroup section */
		1C5435F82DE2223F00153F4F /* FreshWallApp */ = {
			isa = PBXFileSystemSynchronizedRootGroup;
			exceptions = (
				1CDE5E122E0A72C0005B35FF /* Exceptions for "FreshWallApp" folder in "FreshWall-Beta" target */,
				1CDE5E262E0A72C9005B35FF /* Exceptions for "FreshWallApp" folder in "FreshWall-Dev" target */,
			);
			path = FreshWallApp;
			sourceTree = "<group>";
		};
		1C5436072DE2224000153F4F /* FreshWallTests */ = {
			isa = PBXFileSystemSynchronizedRootGroup;
			path = FreshWallTests;
			sourceTree = "<group>";
		};
		1C5436112DE2224000153F4F /* FreshWallUITests */ = {
			isa = PBXFileSystemSynchronizedRootGroup;
			path = FreshWallUITests;
			sourceTree = "<group>";
		};
/* End PBXFileSystemSynchronizedRootGroup section */

/* Begin PBXFrameworksBuildPhase section */
		1C5435F32DE2223F00153F4F /* Frameworks */ = {
			isa = PBXFrameworksBuildPhase;
			buildActionMask = 2147483647;
			files = (
				1C54365D2DE224C600153F4F /* FirebaseAuth in Frameworks */,
				1C54365F2DE224C600153F4F /* FirebaseFirestore in Frameworks */,
				1C5436612DE224C600153F4F /* FirebaseStorage in Frameworks */,
				1C5437182DE2558400153F4F /* FirebaseFunctions in Frameworks */,
			);
			runOnlyForDeploymentPostprocessing = 0;
		};
		1C5436012DE2224000153F4F /* Frameworks */ = {
			isa = PBXFrameworksBuildPhase;
			buildActionMask = 2147483647;
			files = (
			);
			runOnlyForDeploymentPostprocessing = 0;
		};
		1C54360B2DE2224000153F4F /* Frameworks */ = {
			isa = PBXFrameworksBuildPhase;
			buildActionMask = 2147483647;
			files = (
			);
			runOnlyForDeploymentPostprocessing = 0;
		};
		1CDE5E072E0A72C0005B35FF /* Frameworks */ = {
			isa = PBXFrameworksBuildPhase;
			buildActionMask = 2147483647;
			files = (
				1CDE5E082E0A72C0005B35FF /* FirebaseAuth in Frameworks */,
				1CDE5E092E0A72C0005B35FF /* FirebaseFirestore in Frameworks */,
				1CDE5E0A2E0A72C0005B35FF /* FirebaseStorage in Frameworks */,
				1CDE5E0B2E0A72C0005B35FF /* FirebaseFunctions in Frameworks */,
			);
			runOnlyForDeploymentPostprocessing = 0;
		};
		1CDE5E1B2E0A72C9005B35FF /* Frameworks */ = {
			isa = PBXFrameworksBuildPhase;
			buildActionMask = 2147483647;
			files = (
				1CDE5E1C2E0A72C9005B35FF /* FirebaseAuth in Frameworks */,
				1CDE5E1D2E0A72C9005B35FF /* FirebaseFirestore in Frameworks */,
				1CDE5E1E2E0A72C9005B35FF /* FirebaseStorage in Frameworks */,
				1CDE5E1F2E0A72C9005B35FF /* FirebaseFunctions in Frameworks */,
			);
			runOnlyForDeploymentPostprocessing = 0;
		};
/* End PBXFrameworksBuildPhase section */

/* Begin PBXGroup section */
		1C5435ED2DE2223F00153F4F = {
			isa = PBXGroup;
			children = (
				1CA3B4692E0281F200A04DB7 /* TestPlan.xctestplan */,
				1C5435F82DE2223F00153F4F /* FreshWallApp */,
				1C5436072DE2224000153F4F /* FreshWallTests */,
				1C5436112DE2224000153F4F /* FreshWallUITests */,
				1C5437162DE2558400153F4F /* Frameworks */,
				1C5435F72DE2223F00153F4F /* Products */,
			);
			sourceTree = "<group>";
		};
		1C5435F72DE2223F00153F4F /* Products */ = {
			isa = PBXGroup;
			children = (
				1C5435F62DE2223F00153F4F /* FreshWall.app */,
				1C5436042DE2224000153F4F /* FreshWallTests.xctest */,
				1C54360E2DE2224000153F4F /* FreshWallUITests.xctest */,
				1CDE5E112E0A72C0005B35FF /* FreshWall-Beta.app */,
				1CDE5E252E0A72C9005B35FF /* FreshWall-Dev.app */,
			);
			name = Products;
			sourceTree = "<group>";
		};
		1C5437162DE2558400153F4F /* Frameworks */ = {
			isa = PBXGroup;
			children = (
			);
			name = Frameworks;
			sourceTree = "<group>";
		};
/* End PBXGroup section */

/* Begin PBXNativeTarget section */
		1C5435F52DE2223F00153F4F /* FreshWall */ = {
			isa = PBXNativeTarget;
			buildConfigurationList = 1C5436182DE2224000153F4F /* Build configuration list for PBXNativeTarget "FreshWall" */;
			buildPhases = (
				1C5435F22DE2223F00153F4F /* Sources */,
				1C5435F32DE2223F00153F4F /* Frameworks */,
				1C5435F42DE2223F00153F4F /* Resources */,
			);
			buildRules = (
			);
			dependencies = (
				1C54371E2DE2AB9500153F4F /* PBXTargetDependency */,
			);
			fileSystemSynchronizedGroups = (
				1C5435F82DE2223F00153F4F /* FreshWallApp */,
			);
			name = FreshWall;
			packageProductDependencies = (
				1C54365C2DE224C600153F4F /* FirebaseAuth */,
				1C54365E2DE224C600153F4F /* FirebaseFirestore */,
				1C5436602DE224C600153F4F /* FirebaseStorage */,
				1C5437172DE2558400153F4F /* FirebaseFunctions */,
			);
			productName = FreshWall;
			productReference = 1C5435F62DE2223F00153F4F /* FreshWall.app */;
			productType = "com.apple.product-type.application";
		};
		1C5436032DE2224000153F4F /* FreshWallTests */ = {
			isa = PBXNativeTarget;
			buildConfigurationList = 1C54361B2DE2224000153F4F /* Build configuration list for PBXNativeTarget "FreshWallTests" */;
			buildPhases = (
				1C5436002DE2224000153F4F /* Sources */,
				1C5436012DE2224000153F4F /* Frameworks */,
				1C5436022DE2224000153F4F /* Resources */,
			);
			buildRules = (
			);
			dependencies = (
				1C5436062DE2224000153F4F /* PBXTargetDependency */,
			);
			fileSystemSynchronizedGroups = (
				1C5436072DE2224000153F4F /* FreshWallTests */,
			);
			name = FreshWallTests;
			packageProductDependencies = (
			);
			productName = FreshWallTests;
			productReference = 1C5436042DE2224000153F4F /* FreshWallTests.xctest */;
			productType = "com.apple.product-type.bundle.unit-test";
		};
		1C54360D2DE2224000153F4F /* FreshWallUITests */ = {
			isa = PBXNativeTarget;
			buildConfigurationList = 1C54361E2DE2224000153F4F /* Build configuration list for PBXNativeTarget "FreshWallUITests" */;
			buildPhases = (
				1C54360A2DE2224000153F4F /* Sources */,
				1C54360B2DE2224000153F4F /* Frameworks */,
				1C54360C2DE2224000153F4F /* Resources */,
			);
			buildRules = (
			);
			dependencies = (
				1C5436102DE2224000153F4F /* PBXTargetDependency */,
			);
			fileSystemSynchronizedGroups = (
				1C5436112DE2224000153F4F /* FreshWallUITests */,
			);
			name = FreshWallUITests;
			packageProductDependencies = (
			);
			productName = FreshWallUITests;
			productReference = 1C54360E2DE2224000153F4F /* FreshWallUITests.xctest */;
			productType = "com.apple.product-type.bundle.ui-testing";
		};
		1CDE5DFF2E0A72C0005B35FF /* FreshWall-Beta */ = {
			isa = PBXNativeTarget;
			buildConfigurationList = 1CDE5E0E2E0A72C0005B35FF /* Build configuration list for PBXNativeTarget "FreshWall-Beta" */;
			buildPhases = (
				1CDE5E062E0A72C0005B35FF /* Sources */,
				1CDE5E072E0A72C0005B35FF /* Frameworks */,
				1CDE5E0C2E0A72C0005B35FF /* Resources */,
			);
			buildRules = (
			);
			dependencies = (
				1CDE5E002E0A72C0005B35FF /* PBXTargetDependency */,
			);
			fileSystemSynchronizedGroups = (
				1C5435F82DE2223F00153F4F /* FreshWallApp */,
			);
			name = "FreshWall-Beta";
			packageProductDependencies = (
				1CDE5E012E0A72C0005B35FF /* FirebaseAuth */,
				1CDE5E032E0A72C0005B35FF /* FirebaseFirestore */,
				1CDE5E042E0A72C0005B35FF /* FirebaseStorage */,
				1CDE5E052E0A72C0005B35FF /* FirebaseFunctions */,
			);
			productName = FreshWall;
			productReference = 1CDE5E112E0A72C0005B35FF /* FreshWall-Beta.app */;
			productType = "com.apple.product-type.application";
		};
		1CDE5E132E0A72C9005B35FF /* FreshWall-Dev */ = {
			isa = PBXNativeTarget;
			buildConfigurationList = 1CDE5E222E0A72C9005B35FF /* Build configuration list for PBXNativeTarget "FreshWall-Dev" */;
			buildPhases = (
				1CDE5E1A2E0A72C9005B35FF /* Sources */,
				1CDE5E1B2E0A72C9005B35FF /* Frameworks */,
				1CDE5E202E0A72C9005B35FF /* Resources */,
			);
			buildRules = (
			);
			dependencies = (
				1CDE5E142E0A72C9005B35FF /* PBXTargetDependency */,
			);
			fileSystemSynchronizedGroups = (
				1C5435F82DE2223F00153F4F /* FreshWallApp */,
			);
			name = "FreshWall-Dev";
			packageProductDependencies = (
				1CDE5E152E0A72C9005B35FF /* FirebaseAuth */,
				1CDE5E172E0A72C9005B35FF /* FirebaseFirestore */,
				1CDE5E182E0A72C9005B35FF /* FirebaseStorage */,
				1CDE5E192E0A72C9005B35FF /* FirebaseFunctions */,
			);
			productName = FreshWall;
			productReference = 1CDE5E252E0A72C9005B35FF /* FreshWall-Dev.app */;
			productType = "com.apple.product-type.application";
		};
/* End PBXNativeTarget section */

/* Begin PBXProject section */
		1C5435EE2DE2223F00153F4F /* Project object */ = {
			isa = PBXProject;
			attributes = {
				BuildIndependentTargetsInParallel = 1;
				LastSwiftUpdateCheck = 1630;
				LastUpgradeCheck = 1630;
				TargetAttributes = {
					1C5435F52DE2223F00153F4F = {
						CreatedOnToolsVersion = 16.3;
					};
					1C5436032DE2224000153F4F = {
						CreatedOnToolsVersion = 16.3;
						TestTargetID = 1C5435F52DE2223F00153F4F;
					};
					1C54360D2DE2224000153F4F = {
						CreatedOnToolsVersion = 16.3;
						TestTargetID = 1C5435F52DE2223F00153F4F;
					};
				};
			};
			buildConfigurationList = 1C5435F12DE2223F00153F4F /* Build configuration list for PBXProject "FreshWall" */;
			developmentRegion = en;
			hasScannedForEncodings = 0;
			knownRegions = (
				en,
				Base,
			);
			mainGroup = 1C5435ED2DE2223F00153F4F;
			minimizedProjectReferenceProxies = 1;
			packageReferences = (
				1C54365B2DE224C600153F4F /* XCRemoteSwiftPackageReference "firebase-ios-sdk" */,
				1C54371C2DE2AB7100153F4F /* XCRemoteSwiftPackageReference "SwiftLintPlugins" */,
			);
			preferredProjectObjectVersion = 77;
			productRefGroup = 1C5435F72DE2223F00153F4F /* Products */;
			projectDirPath = "";
			projectRoot = "";
			targets = (
				1C5435F52DE2223F00153F4F /* FreshWall */,
				1CDE5DFF2E0A72C0005B35FF /* FreshWall-Beta */,
				1CDE5E132E0A72C9005B35FF /* FreshWall-Dev */,
				1C5436032DE2224000153F4F /* FreshWallTests */,
				1C54360D2DE2224000153F4F /* FreshWallUITests */,
			);
		};
/* End PBXProject section */

/* Begin PBXResourcesBuildPhase section */
		1C5435F42DE2223F00153F4F /* Resources */ = {
			isa = PBXResourcesBuildPhase;
			buildActionMask = 2147483647;
			files = (
				1CA3B46A2E0281F200A04DB7 /* TestPlan.xctestplan in Resources */,
			);
			runOnlyForDeploymentPostprocessing = 0;
		};
		1C5436022DE2224000153F4F /* Resources */ = {
			isa = PBXResourcesBuildPhase;
			buildActionMask = 2147483647;
			files = (
			);
			runOnlyForDeploymentPostprocessing = 0;
		};
		1C54360C2DE2224000153F4F /* Resources */ = {
			isa = PBXResourcesBuildPhase;
			buildActionMask = 2147483647;
			files = (
			);
			runOnlyForDeploymentPostprocessing = 0;
		};
		1CDE5E0C2E0A72C0005B35FF /* Resources */ = {
			isa = PBXResourcesBuildPhase;
			buildActionMask = 2147483647;
			files = (
				1CDE5E0D2E0A72C0005B35FF /* TestPlan.xctestplan in Resources */,
			);
			runOnlyForDeploymentPostprocessing = 0;
		};
		1CDE5E202E0A72C9005B35FF /* Resources */ = {
			isa = PBXResourcesBuildPhase;
			buildActionMask = 2147483647;
			files = (
				1CDE5E212E0A72C9005B35FF /* TestPlan.xctestplan in Resources */,
			);
			runOnlyForDeploymentPostprocessing = 0;
		};
/* End PBXResourcesBuildPhase section */

/* Begin PBXSourcesBuildPhase section */
		1C5435F22DE2223F00153F4F /* Sources */ = {
			isa = PBXSourcesBuildPhase;
			buildActionMask = 2147483647;
			files = (
			);
			runOnlyForDeploymentPostprocessing = 0;
		};
		1C5436002DE2224000153F4F /* Sources */ = {
			isa = PBXSourcesBuildPhase;
			buildActionMask = 2147483647;
			files = (
			);
			runOnlyForDeploymentPostprocessing = 0;
		};
		1C54360A2DE2224000153F4F /* Sources */ = {
			isa = PBXSourcesBuildPhase;
			buildActionMask = 2147483647;
			files = (
			);
			runOnlyForDeploymentPostprocessing = 0;
		};
		1CDE5E062E0A72C0005B35FF /* Sources */ = {
			isa = PBXSourcesBuildPhase;
			buildActionMask = 2147483647;
			files = (
			);
			runOnlyForDeploymentPostprocessing = 0;
		};
		1CDE5E1A2E0A72C9005B35FF /* Sources */ = {
			isa = PBXSourcesBuildPhase;
			buildActionMask = 2147483647;
			files = (
			);
			runOnlyForDeploymentPostprocessing = 0;
		};
/* End PBXSourcesBuildPhase section */

/* Begin PBXTargetDependency section */
		1C5436062DE2224000153F4F /* PBXTargetDependency */ = {
			isa = PBXTargetDependency;
			target = 1C5435F52DE2223F00153F4F /* FreshWall */;
			targetProxy = 1C5436052DE2224000153F4F /* PBXContainerItemProxy */;
		};
		1C5436102DE2224000153F4F /* PBXTargetDependency */ = {
			isa = PBXTargetDependency;
			target = 1C5435F52DE2223F00153F4F /* FreshWall */;
			targetProxy = 1C54360F2DE2224000153F4F /* PBXContainerItemProxy */;
		};
		1C54371E2DE2AB9500153F4F /* PBXTargetDependency */ = {
			isa = PBXTargetDependency;
			productRef = 1C54371D2DE2AB9500153F4F /* SwiftLintBuildToolPlugin */;
		};
		1CDE5E002E0A72C0005B35FF /* PBXTargetDependency */ = {
			isa = PBXTargetDependency;
			productRef = 1C54371D2DE2AB9500153F4F /* SwiftLintBuildToolPlugin */;
		};
		1CDE5E142E0A72C9005B35FF /* PBXTargetDependency */ = {
			isa = PBXTargetDependency;
			productRef = 1C54371D2DE2AB9500153F4F /* SwiftLintBuildToolPlugin */;
		};
/* End PBXTargetDependency section */

/* Begin XCBuildConfiguration section */
		1C5436162DE2224000153F4F /* Debug */ = {
			isa = XCBuildConfiguration;
			buildSettings = {
				ALWAYS_SEARCH_USER_PATHS = NO;
				ASSETCATALOG_COMPILER_GENERATE_SWIFT_ASSET_SYMBOL_EXTENSIONS = YES;
				CLANG_ANALYZER_NONNULL = YES;
				CLANG_ANALYZER_NUMBER_OBJECT_CONVERSION = YES_AGGRESSIVE;
				CLANG_CXX_LANGUAGE_STANDARD = "gnu++20";
				CLANG_ENABLE_MODULES = YES;
				CLANG_ENABLE_OBJC_ARC = YES;
				CLANG_ENABLE_OBJC_WEAK = YES;
				CLANG_WARN_BLOCK_CAPTURE_AUTORELEASING = YES;
				CLANG_WARN_BOOL_CONVERSION = YES;
				CLANG_WARN_COMMA = YES;
				CLANG_WARN_CONSTANT_CONVERSION = YES;
				CLANG_WARN_DEPRECATED_OBJC_IMPLEMENTATIONS = YES;
				CLANG_WARN_DIRECT_OBJC_ISA_USAGE = YES_ERROR;
				CLANG_WARN_DOCUMENTATION_COMMENTS = YES;
				CLANG_WARN_EMPTY_BODY = YES;
				CLANG_WARN_ENUM_CONVERSION = YES;
				CLANG_WARN_INFINITE_RECURSION = YES;
				CLANG_WARN_INT_CONVERSION = YES;
				CLANG_WARN_NON_LITERAL_NULL_CONVERSION = YES;
				CLANG_WARN_OBJC_IMPLICIT_RETAIN_SELF = YES;
				CLANG_WARN_OBJC_LITERAL_CONVERSION = YES;
				CLANG_WARN_OBJC_ROOT_CLASS = YES_ERROR;
				CLANG_WARN_QUOTED_INCLUDE_IN_FRAMEWORK_HEADER = YES;
				CLANG_WARN_RANGE_LOOP_ANALYSIS = YES;
				CLANG_WARN_STRICT_PROTOTYPES = YES;
				CLANG_WARN_SUSPICIOUS_MOVE = YES;
				CLANG_WARN_UNGUARDED_AVAILABILITY = YES_AGGRESSIVE;
				CLANG_WARN_UNREACHABLE_CODE = YES;
				CLANG_WARN__DUPLICATE_METHOD_MATCH = YES;
				COPY_PHASE_STRIP = NO;
				DEBUG_INFORMATION_FORMAT = dwarf;
				DEVELOPMENT_TEAM = KJ66BJ6KYX;
				ENABLE_STRICT_OBJC_MSGSEND = YES;
				ENABLE_TESTABILITY = YES;
				ENABLE_USER_SCRIPT_SANDBOXING = YES;
				GCC_C_LANGUAGE_STANDARD = gnu17;
				GCC_DYNAMIC_NO_PIC = NO;
				GCC_NO_COMMON_BLOCKS = YES;
				GCC_OPTIMIZATION_LEVEL = 0;
				GCC_PREPROCESSOR_DEFINITIONS = (
					"DEBUG=1",
					"$(inherited)",
				);
				GCC_WARN_64_TO_32_BIT_CONVERSION = YES;
				GCC_WARN_ABOUT_RETURN_TYPE = YES_ERROR;
				GCC_WARN_UNDECLARED_SELECTOR = YES;
				GCC_WARN_UNINITIALIZED_AUTOS = YES_AGGRESSIVE;
				GCC_WARN_UNUSED_FUNCTION = YES;
				GCC_WARN_UNUSED_VARIABLE = YES;
				LOCALIZATION_PREFERS_STRING_CATALOGS = YES;
				MTL_ENABLE_DEBUG_INFO = INCLUDE_SOURCE;
				MTL_FAST_MATH = YES;
				ONLY_ACTIVE_ARCH = YES;
				SWIFT_ACTIVE_COMPILATION_CONDITIONS = "DEBUG $(inherited)";
				SWIFT_OPTIMIZATION_LEVEL = "-Onone";
			};
			name = Debug;
		};
		1C5436172DE2224000153F4F /* Release */ = {
			isa = XCBuildConfiguration;
			buildSettings = {
				ALWAYS_SEARCH_USER_PATHS = NO;
				ASSETCATALOG_COMPILER_GENERATE_SWIFT_ASSET_SYMBOL_EXTENSIONS = YES;
				CLANG_ANALYZER_NONNULL = YES;
				CLANG_ANALYZER_NUMBER_OBJECT_CONVERSION = YES_AGGRESSIVE;
				CLANG_CXX_LANGUAGE_STANDARD = "gnu++20";
				CLANG_ENABLE_MODULES = YES;
				CLANG_ENABLE_OBJC_ARC = YES;
				CLANG_ENABLE_OBJC_WEAK = YES;
				CLANG_WARN_BLOCK_CAPTURE_AUTORELEASING = YES;
				CLANG_WARN_BOOL_CONVERSION = YES;
				CLANG_WARN_COMMA = YES;
				CLANG_WARN_CONSTANT_CONVERSION = YES;
				CLANG_WARN_DEPRECATED_OBJC_IMPLEMENTATIONS = YES;
				CLANG_WARN_DIRECT_OBJC_ISA_USAGE = YES_ERROR;
				CLANG_WARN_DOCUMENTATION_COMMENTS = YES;
				CLANG_WARN_EMPTY_BODY = YES;
				CLANG_WARN_ENUM_CONVERSION = YES;
				CLANG_WARN_INFINITE_RECURSION = YES;
				CLANG_WARN_INT_CONVERSION = YES;
				CLANG_WARN_NON_LITERAL_NULL_CONVERSION = YES;
				CLANG_WARN_OBJC_IMPLICIT_RETAIN_SELF = YES;
				CLANG_WARN_OBJC_LITERAL_CONVERSION = YES;
				CLANG_WARN_OBJC_ROOT_CLASS = YES_ERROR;
				CLANG_WARN_QUOTED_INCLUDE_IN_FRAMEWORK_HEADER = YES;
				CLANG_WARN_RANGE_LOOP_ANALYSIS = YES;
				CLANG_WARN_STRICT_PROTOTYPES = YES;
				CLANG_WARN_SUSPICIOUS_MOVE = YES;
				CLANG_WARN_UNGUARDED_AVAILABILITY = YES_AGGRESSIVE;
				CLANG_WARN_UNREACHABLE_CODE = YES;
				CLANG_WARN__DUPLICATE_METHOD_MATCH = YES;
				COPY_PHASE_STRIP = NO;
				DEBUG_INFORMATION_FORMAT = "dwarf-with-dsym";
				DEVELOPMENT_TEAM = KJ66BJ6KYX;
				ENABLE_NS_ASSERTIONS = NO;
				ENABLE_STRICT_OBJC_MSGSEND = YES;
				ENABLE_USER_SCRIPT_SANDBOXING = YES;
				GCC_C_LANGUAGE_STANDARD = gnu17;
				GCC_NO_COMMON_BLOCKS = YES;
				GCC_WARN_64_TO_32_BIT_CONVERSION = YES;
				GCC_WARN_ABOUT_RETURN_TYPE = YES_ERROR;
				GCC_WARN_UNDECLARED_SELECTOR = YES;
				GCC_WARN_UNINITIALIZED_AUTOS = YES_AGGRESSIVE;
				GCC_WARN_UNUSED_FUNCTION = YES;
				GCC_WARN_UNUSED_VARIABLE = YES;
				LOCALIZATION_PREFERS_STRING_CATALOGS = YES;
				MTL_ENABLE_DEBUG_INFO = NO;
				MTL_FAST_MATH = YES;
				SWIFT_COMPILATION_MODE = wholemodule;
			};
			name = Release;
		};
		1C5436192DE2224000153F4F /* Debug */ = {
			isa = XCBuildConfiguration;
			buildSettings = {
				ASSETCATALOG_COMPILER_APPICON_NAME = AppIcon;
				ASSETCATALOG_COMPILER_GLOBAL_ACCENT_COLOR_NAME = AccentColor;
				CODE_SIGN_ENTITLEMENTS = FreshWallApp/FreshWall.entitlements;
				CODE_SIGN_STYLE = Automatic;
				CURRENT_PROJECT_VERSION = 1;
				DEBUG_INFORMATION_FORMAT = "dwarf-with-dsym";
				DEVELOPMENT_TEAM = KJ66BJ6KYX;
				ENABLE_HARDENED_RUNTIME = YES;
				ENABLE_PREVIEWS = YES;
				GENERATE_INFOPLIST_FILE = YES;
				"INFOPLIST_KEY_UIApplicationSceneManifest_Generation[sdk=iphoneos*]" = YES;
				"INFOPLIST_KEY_UIApplicationSceneManifest_Generation[sdk=iphonesimulator*]" = YES;
				"INFOPLIST_KEY_UIApplicationSupportsIndirectInputEvents[sdk=iphoneos*]" = YES;
				"INFOPLIST_KEY_UIApplicationSupportsIndirectInputEvents[sdk=iphonesimulator*]" = YES;
				"INFOPLIST_KEY_UILaunchScreen_Generation[sdk=iphoneos*]" = YES;
				"INFOPLIST_KEY_UILaunchScreen_Generation[sdk=iphonesimulator*]" = YES;
				"INFOPLIST_KEY_UIStatusBarStyle[sdk=iphoneos*]" = UIStatusBarStyleDefault;
				"INFOPLIST_KEY_UIStatusBarStyle[sdk=iphonesimulator*]" = UIStatusBarStyleDefault;
				INFOPLIST_KEY_UISupportedInterfaceOrientations_iPad = "UIInterfaceOrientationPortrait UIInterfaceOrientationPortraitUpsideDown UIInterfaceOrientationLandscapeLeft UIInterfaceOrientationLandscapeRight";
				INFOPLIST_KEY_UISupportedInterfaceOrientations_iPhone = "UIInterfaceOrientationPortrait UIInterfaceOrientationLandscapeLeft UIInterfaceOrientationLandscapeRight";
				IPHONEOS_DEPLOYMENT_TARGET = 18.4;
				LD_RUNPATH_SEARCH_PATHS = "@executable_path/Frameworks";
				"LD_RUNPATH_SEARCH_PATHS[sdk=macosx*]" = "@executable_path/../Frameworks";
				MACOSX_DEPLOYMENT_TARGET = 15.3;
				MARKETING_VERSION = 1.0;
				PRODUCT_BUNDLE_IDENTIFIER = com.hi2gage.FreshWall;
				PRODUCT_NAME = "$(TARGET_NAME)";
				REGISTER_APP_GROUPS = YES;
				SDKROOT = auto;
				SUPPORTED_PLATFORMS = "iphoneos iphonesimulator macosx xros xrsimulator";
				SWIFT_EMIT_LOC_STRINGS = YES;
				SWIFT_VERSION = 6.0;
				TARGETED_DEVICE_FAMILY = "1,2,7";
				XROS_DEPLOYMENT_TARGET = 2.4;
			};
			name = Debug;
		};
		1C54361A2DE2224000153F4F /* Release */ = {
			isa = XCBuildConfiguration;
			buildSettings = {
				ASSETCATALOG_COMPILER_APPICON_NAME = AppIcon;
				ASSETCATALOG_COMPILER_GLOBAL_ACCENT_COLOR_NAME = AccentColor;
				CODE_SIGN_ENTITLEMENTS = FreshWallApp/FreshWall.entitlements;
				CODE_SIGN_STYLE = Automatic;
				CURRENT_PROJECT_VERSION = 1;
				DEVELOPMENT_TEAM = KJ66BJ6KYX;
				ENABLE_HARDENED_RUNTIME = YES;
				ENABLE_PREVIEWS = YES;
				GENERATE_INFOPLIST_FILE = YES;
				"INFOPLIST_KEY_UIApplicationSceneManifest_Generation[sdk=iphoneos*]" = YES;
				"INFOPLIST_KEY_UIApplicationSceneManifest_Generation[sdk=iphonesimulator*]" = YES;
				"INFOPLIST_KEY_UIApplicationSupportsIndirectInputEvents[sdk=iphoneos*]" = YES;
				"INFOPLIST_KEY_UIApplicationSupportsIndirectInputEvents[sdk=iphonesimulator*]" = YES;
				"INFOPLIST_KEY_UILaunchScreen_Generation[sdk=iphoneos*]" = YES;
				"INFOPLIST_KEY_UILaunchScreen_Generation[sdk=iphonesimulator*]" = YES;
				"INFOPLIST_KEY_UIStatusBarStyle[sdk=iphoneos*]" = UIStatusBarStyleDefault;
				"INFOPLIST_KEY_UIStatusBarStyle[sdk=iphonesimulator*]" = UIStatusBarStyleDefault;
				INFOPLIST_KEY_UISupportedInterfaceOrientations_iPad = "UIInterfaceOrientationPortrait UIInterfaceOrientationPortraitUpsideDown UIInterfaceOrientationLandscapeLeft UIInterfaceOrientationLandscapeRight";
				INFOPLIST_KEY_UISupportedInterfaceOrientations_iPhone = "UIInterfaceOrientationPortrait UIInterfaceOrientationLandscapeLeft UIInterfaceOrientationLandscapeRight";
				IPHONEOS_DEPLOYMENT_TARGET = 18.4;
				LD_RUNPATH_SEARCH_PATHS = "@executable_path/Frameworks";
				"LD_RUNPATH_SEARCH_PATHS[sdk=macosx*]" = "@executable_path/../Frameworks";
				MACOSX_DEPLOYMENT_TARGET = 15.3;
				MARKETING_VERSION = 1.0;
				PRODUCT_BUNDLE_IDENTIFIER = com.hi2gage.FreshWall;
				PRODUCT_NAME = "$(TARGET_NAME)";
				REGISTER_APP_GROUPS = YES;
				SDKROOT = auto;
				SUPPORTED_PLATFORMS = "iphoneos iphonesimulator macosx xros xrsimulator";
				SWIFT_EMIT_LOC_STRINGS = YES;
				SWIFT_VERSION = 6.0;
				TARGETED_DEVICE_FAMILY = "1,2,7";
				XROS_DEPLOYMENT_TARGET = 2.4;
			};
			name = Release;
		};
		1C54361C2DE2224000153F4F /* Debug */ = {
			isa = XCBuildConfiguration;
			buildSettings = {
				BUNDLE_LOADER = "$(TEST_HOST)";
				CODE_SIGN_STYLE = Automatic;
				CURRENT_PROJECT_VERSION = 1;
				DEVELOPMENT_TEAM = KJ66BJ6KYX;
				GENERATE_INFOPLIST_FILE = YES;
				IPHONEOS_DEPLOYMENT_TARGET = 18.4;
				MACOSX_DEPLOYMENT_TARGET = 15.3;
				MARKETING_VERSION = 1.0;
				PRODUCT_BUNDLE_IDENTIFIER = com.hi2gage.FreshWallTests;
				PRODUCT_NAME = "$(TARGET_NAME)";
				SDKROOT = auto;
				SUPPORTED_PLATFORMS = "iphoneos iphonesimulator macosx xros xrsimulator";
				SWIFT_EMIT_LOC_STRINGS = NO;
				SWIFT_VERSION = 5.0;
				TARGETED_DEVICE_FAMILY = "1,2,7";
				TEST_HOST = "$(BUILT_PRODUCTS_DIR)/FreshWall.app/$(BUNDLE_EXECUTABLE_FOLDER_PATH)/FreshWall";
				XROS_DEPLOYMENT_TARGET = 2.4;
			};
			name = Debug;
		};
		1C54361D2DE2224000153F4F /* Release */ = {
			isa = XCBuildConfiguration;
			buildSettings = {
				BUNDLE_LOADER = "$(TEST_HOST)";
				CODE_SIGN_STYLE = Automatic;
				CURRENT_PROJECT_VERSION = 1;
				DEVELOPMENT_TEAM = KJ66BJ6KYX;
				GENERATE_INFOPLIST_FILE = YES;
				IPHONEOS_DEPLOYMENT_TARGET = 18.4;
				MACOSX_DEPLOYMENT_TARGET = 15.3;
				MARKETING_VERSION = 1.0;
				PRODUCT_BUNDLE_IDENTIFIER = com.hi2gage.FreshWallTests;
				PRODUCT_NAME = "$(TARGET_NAME)";
				SDKROOT = auto;
				SUPPORTED_PLATFORMS = "iphoneos iphonesimulator macosx xros xrsimulator";
				SWIFT_EMIT_LOC_STRINGS = NO;
				SWIFT_VERSION = 5.0;
				TARGETED_DEVICE_FAMILY = "1,2,7";
				TEST_HOST = "$(BUILT_PRODUCTS_DIR)/FreshWall.app/$(BUNDLE_EXECUTABLE_FOLDER_PATH)/FreshWall";
				XROS_DEPLOYMENT_TARGET = 2.4;
			};
			name = Release;
		};
		1C54361F2DE2224000153F4F /* Debug */ = {
			isa = XCBuildConfiguration;
			buildSettings = {
				CODE_SIGN_STYLE = Automatic;
				CURRENT_PROJECT_VERSION = 1;
				DEVELOPMENT_TEAM = KJ66BJ6KYX;
				GENERATE_INFOPLIST_FILE = YES;
				IPHONEOS_DEPLOYMENT_TARGET = 18.4;
				MACOSX_DEPLOYMENT_TARGET = 15.3;
				MARKETING_VERSION = 1.0;
				PRODUCT_BUNDLE_IDENTIFIER = com.hi2gage.FreshWallUITests;
				PRODUCT_NAME = "$(TARGET_NAME)";
				SDKROOT = auto;
				SUPPORTED_PLATFORMS = "iphoneos iphonesimulator macosx xros xrsimulator";
				SWIFT_EMIT_LOC_STRINGS = NO;
				SWIFT_VERSION = 5.0;
				TARGETED_DEVICE_FAMILY = "1,2,7";
				TEST_TARGET_NAME = FreshWall;
				XROS_DEPLOYMENT_TARGET = 2.4;
			};
			name = Debug;
		};
		1C5436202DE2224000153F4F /* Release */ = {
			isa = XCBuildConfiguration;
			buildSettings = {
				CODE_SIGN_STYLE = Automatic;
				CURRENT_PROJECT_VERSION = 1;
				DEVELOPMENT_TEAM = KJ66BJ6KYX;
				GENERATE_INFOPLIST_FILE = YES;
				IPHONEOS_DEPLOYMENT_TARGET = 18.4;
				MACOSX_DEPLOYMENT_TARGET = 15.3;
				MARKETING_VERSION = 1.0;
				PRODUCT_BUNDLE_IDENTIFIER = com.hi2gage.FreshWallUITests;
				PRODUCT_NAME = "$(TARGET_NAME)";
				SDKROOT = auto;
				SUPPORTED_PLATFORMS = "iphoneos iphonesimulator macosx xros xrsimulator";
				SWIFT_EMIT_LOC_STRINGS = NO;
				SWIFT_VERSION = 5.0;
				TARGETED_DEVICE_FAMILY = "1,2,7";
				TEST_TARGET_NAME = FreshWall;
				XROS_DEPLOYMENT_TARGET = 2.4;
			};
			name = Release;
		};
		1CDE5E0F2E0A72C0005B35FF /* Debug */ = {
			isa = XCBuildConfiguration;
			buildSettings = {
				ASSETCATALOG_COMPILER_APPICON_NAME = AppIcon;
				ASSETCATALOG_COMPILER_GLOBAL_ACCENT_COLOR_NAME = AccentColor;
				CODE_SIGN_ENTITLEMENTS = FreshWallApp/FreshWall.entitlements;
				CODE_SIGN_STYLE = Automatic;
				CURRENT_PROJECT_VERSION = 1;
				DEBUG_INFORMATION_FORMAT = "dwarf-with-dsym";
				DEVELOPMENT_TEAM = KJ66BJ6KYX;
				ENABLE_HARDENED_RUNTIME = YES;
				ENABLE_PREVIEWS = YES;
				GENERATE_INFOPLIST_FILE = YES;
				"INFOPLIST_KEY_UIApplicationSceneManifest_Generation[sdk=iphoneos*]" = YES;
				"INFOPLIST_KEY_UIApplicationSceneManifest_Generation[sdk=iphonesimulator*]" = YES;
				"INFOPLIST_KEY_UIApplicationSupportsIndirectInputEvents[sdk=iphoneos*]" = YES;
				"INFOPLIST_KEY_UIApplicationSupportsIndirectInputEvents[sdk=iphonesimulator*]" = YES;
				"INFOPLIST_KEY_UILaunchScreen_Generation[sdk=iphoneos*]" = YES;
				"INFOPLIST_KEY_UILaunchScreen_Generation[sdk=iphonesimulator*]" = YES;
				"INFOPLIST_KEY_UIStatusBarStyle[sdk=iphoneos*]" = UIStatusBarStyleDefault;
				"INFOPLIST_KEY_UIStatusBarStyle[sdk=iphonesimulator*]" = UIStatusBarStyleDefault;
				INFOPLIST_KEY_UISupportedInterfaceOrientations_iPad = "UIInterfaceOrientationPortrait UIInterfaceOrientationPortraitUpsideDown UIInterfaceOrientationLandscapeLeft UIInterfaceOrientationLandscapeRight";
				INFOPLIST_KEY_UISupportedInterfaceOrientations_iPhone = "UIInterfaceOrientationPortrait UIInterfaceOrientationLandscapeLeft UIInterfaceOrientationLandscapeRight";
				IPHONEOS_DEPLOYMENT_TARGET = 18.4;
				LD_RUNPATH_SEARCH_PATHS = "@executable_path/Frameworks";
				"LD_RUNPATH_SEARCH_PATHS[sdk=macosx*]" = "@executable_path/../Frameworks";
				MACOSX_DEPLOYMENT_TARGET = 15.3;
				MARKETING_VERSION = 1.0;
				PRODUCT_BUNDLE_IDENTIFIER = com.hi2gage.FreshWall;
				PRODUCT_NAME = "$(TARGET_NAME)";
				REGISTER_APP_GROUPS = YES;
				SDKROOT = auto;
				SUPPORTED_PLATFORMS = "iphoneos iphonesimulator macosx xros xrsimulator";
				SWIFT_EMIT_LOC_STRINGS = YES;
				SWIFT_VERSION = 6.0;
				TARGETED_DEVICE_FAMILY = "1,2,7";
				XROS_DEPLOYMENT_TARGET = 2.4;
			};
			name = Debug;
		};
		1CDE5E102E0A72C0005B35FF /* Release */ = {
			isa = XCBuildConfiguration;
			buildSettings = {
				ASSETCATALOG_COMPILER_APPICON_NAME = AppIcon;
				ASSETCATALOG_COMPILER_GLOBAL_ACCENT_COLOR_NAME = AccentColor;
				CODE_SIGN_ENTITLEMENTS = FreshWallApp/FreshWall.entitlements;
				CODE_SIGN_STYLE = Automatic;
				CURRENT_PROJECT_VERSION = 1;
				DEVELOPMENT_TEAM = KJ66BJ6KYX;
				ENABLE_HARDENED_RUNTIME = YES;
				ENABLE_PREVIEWS = YES;
				GENERATE_INFOPLIST_FILE = YES;
				"INFOPLIST_KEY_UIApplicationSceneManifest_Generation[sdk=iphoneos*]" = YES;
				"INFOPLIST_KEY_UIApplicationSceneManifest_Generation[sdk=iphonesimulator*]" = YES;
				"INFOPLIST_KEY_UIApplicationSupportsIndirectInputEvents[sdk=iphoneos*]" = YES;
				"INFOPLIST_KEY_UIApplicationSupportsIndirectInputEvents[sdk=iphonesimulator*]" = YES;
				"INFOPLIST_KEY_UILaunchScreen_Generation[sdk=iphoneos*]" = YES;
				"INFOPLIST_KEY_UILaunchScreen_Generation[sdk=iphonesimulator*]" = YES;
				"INFOPLIST_KEY_UIStatusBarStyle[sdk=iphoneos*]" = UIStatusBarStyleDefault;
				"INFOPLIST_KEY_UIStatusBarStyle[sdk=iphonesimulator*]" = UIStatusBarStyleDefault;
				INFOPLIST_KEY_UISupportedInterfaceOrientations_iPad = "UIInterfaceOrientationPortrait UIInterfaceOrientationPortraitUpsideDown UIInterfaceOrientationLandscapeLeft UIInterfaceOrientationLandscapeRight";
				INFOPLIST_KEY_UISupportedInterfaceOrientations_iPhone = "UIInterfaceOrientationPortrait UIInterfaceOrientationLandscapeLeft UIInterfaceOrientationLandscapeRight";
				IPHONEOS_DEPLOYMENT_TARGET = 18.4;
				LD_RUNPATH_SEARCH_PATHS = "@executable_path/Frameworks";
				"LD_RUNPATH_SEARCH_PATHS[sdk=macosx*]" = "@executable_path/../Frameworks";
				MACOSX_DEPLOYMENT_TARGET = 15.3;
				MARKETING_VERSION = 1.0;
				PRODUCT_BUNDLE_IDENTIFIER = com.hi2gage.FreshWall;
				PRODUCT_NAME = "$(TARGET_NAME)";
				REGISTER_APP_GROUPS = YES;
				SDKROOT = auto;
				SUPPORTED_PLATFORMS = "iphoneos iphonesimulator macosx xros xrsimulator";
				SWIFT_EMIT_LOC_STRINGS = YES;
				SWIFT_VERSION = 6.0;
				TARGETED_DEVICE_FAMILY = "1,2,7";
				XROS_DEPLOYMENT_TARGET = 2.4;
			};
			name = Release;
		};
		1CDE5E232E0A72C9005B35FF /* Debug */ = {
			isa = XCBuildConfiguration;
			buildSettings = {
				ASSETCATALOG_COMPILER_APPICON_NAME = AppIcon;
				ASSETCATALOG_COMPILER_GLOBAL_ACCENT_COLOR_NAME = AccentColor;
				CODE_SIGN_ENTITLEMENTS = FreshWallApp/FreshWall.entitlements;
				CODE_SIGN_STYLE = Automatic;
				CURRENT_PROJECT_VERSION = 1;
				DEBUG_INFORMATION_FORMAT = "dwarf-with-dsym";
				DEVELOPMENT_TEAM = KJ66BJ6KYX;
				ENABLE_HARDENED_RUNTIME = YES;
				ENABLE_PREVIEWS = YES;
				GENERATE_INFOPLIST_FILE = YES;
				"INFOPLIST_KEY_UIApplicationSceneManifest_Generation[sdk=iphoneos*]" = YES;
				"INFOPLIST_KEY_UIApplicationSceneManifest_Generation[sdk=iphonesimulator*]" = YES;
				"INFOPLIST_KEY_UIApplicationSupportsIndirectInputEvents[sdk=iphoneos*]" = YES;
				"INFOPLIST_KEY_UIApplicationSupportsIndirectInputEvents[sdk=iphonesimulator*]" = YES;
				"INFOPLIST_KEY_UILaunchScreen_Generation[sdk=iphoneos*]" = YES;
				"INFOPLIST_KEY_UILaunchScreen_Generation[sdk=iphonesimulator*]" = YES;
				"INFOPLIST_KEY_UIStatusBarStyle[sdk=iphoneos*]" = UIStatusBarStyleDefault;
				"INFOPLIST_KEY_UIStatusBarStyle[sdk=iphonesimulator*]" = UIStatusBarStyleDefault;
				INFOPLIST_KEY_UISupportedInterfaceOrientations_iPad = "UIInterfaceOrientationPortrait UIInterfaceOrientationPortraitUpsideDown UIInterfaceOrientationLandscapeLeft UIInterfaceOrientationLandscapeRight";
				INFOPLIST_KEY_UISupportedInterfaceOrientations_iPhone = "UIInterfaceOrientationPortrait UIInterfaceOrientationLandscapeLeft UIInterfaceOrientationLandscapeRight";
				IPHONEOS_DEPLOYMENT_TARGET = 18.4;
				LD_RUNPATH_SEARCH_PATHS = "@executable_path/Frameworks";
				"LD_RUNPATH_SEARCH_PATHS[sdk=macosx*]" = "@executable_path/../Frameworks";
				MACOSX_DEPLOYMENT_TARGET = 15.3;
				MARKETING_VERSION = 1.0;
				PRODUCT_BUNDLE_IDENTIFIER = com.hi2gage.FreshWall;
				PRODUCT_NAME = "$(TARGET_NAME)";
				REGISTER_APP_GROUPS = YES;
				SDKROOT = auto;
				SUPPORTED_PLATFORMS = "iphoneos iphonesimulator macosx xros xrsimulator";
				SWIFT_EMIT_LOC_STRINGS = YES;
				SWIFT_VERSION = 6.0;
				TARGETED_DEVICE_FAMILY = "1,2,7";
				XROS_DEPLOYMENT_TARGET = 2.4;
			};
			name = Debug;
		};
		1CDE5E242E0A72C9005B35FF /* Release */ = {
			isa = XCBuildConfiguration;
			buildSettings = {
				ASSETCATALOG_COMPILER_APPICON_NAME = AppIcon;
				ASSETCATALOG_COMPILER_GLOBAL_ACCENT_COLOR_NAME = AccentColor;
				CODE_SIGN_ENTITLEMENTS = FreshWallApp/FreshWall.entitlements;
				CODE_SIGN_STYLE = Automatic;
				CURRENT_PROJECT_VERSION = 1;
				DEVELOPMENT_TEAM = KJ66BJ6KYX;
				ENABLE_HARDENED_RUNTIME = YES;
				ENABLE_PREVIEWS = YES;
				GENERATE_INFOPLIST_FILE = YES;
				"INFOPLIST_KEY_UIApplicationSceneManifest_Generation[sdk=iphoneos*]" = YES;
				"INFOPLIST_KEY_UIApplicationSceneManifest_Generation[sdk=iphonesimulator*]" = YES;
				"INFOPLIST_KEY_UIApplicationSupportsIndirectInputEvents[sdk=iphoneos*]" = YES;
				"INFOPLIST_KEY_UIApplicationSupportsIndirectInputEvents[sdk=iphonesimulator*]" = YES;
				"INFOPLIST_KEY_UILaunchScreen_Generation[sdk=iphoneos*]" = YES;
				"INFOPLIST_KEY_UILaunchScreen_Generation[sdk=iphonesimulator*]" = YES;
				"INFOPLIST_KEY_UIStatusBarStyle[sdk=iphoneos*]" = UIStatusBarStyleDefault;
				"INFOPLIST_KEY_UIStatusBarStyle[sdk=iphonesimulator*]" = UIStatusBarStyleDefault;
				INFOPLIST_KEY_UISupportedInterfaceOrientations_iPad = "UIInterfaceOrientationPortrait UIInterfaceOrientationPortraitUpsideDown UIInterfaceOrientationLandscapeLeft UIInterfaceOrientationLandscapeRight";
				INFOPLIST_KEY_UISupportedInterfaceOrientations_iPhone = "UIInterfaceOrientationPortrait UIInterfaceOrientationLandscapeLeft UIInterfaceOrientationLandscapeRight";
				IPHONEOS_DEPLOYMENT_TARGET = 18.4;
				LD_RUNPATH_SEARCH_PATHS = "@executable_path/Frameworks";
				"LD_RUNPATH_SEARCH_PATHS[sdk=macosx*]" = "@executable_path/../Frameworks";
				MACOSX_DEPLOYMENT_TARGET = 15.3;
				MARKETING_VERSION = 1.0;
				PRODUCT_BUNDLE_IDENTIFIER = com.hi2gage.FreshWall;
				PRODUCT_NAME = "$(TARGET_NAME)";
				REGISTER_APP_GROUPS = YES;
				SDKROOT = auto;
				SUPPORTED_PLATFORMS = "iphoneos iphonesimulator macosx xros xrsimulator";
				SWIFT_EMIT_LOC_STRINGS = YES;
				SWIFT_VERSION = 6.0;
				TARGETED_DEVICE_FAMILY = "1,2,7";
				XROS_DEPLOYMENT_TARGET = 2.4;
			};
			name = Release;
		};
/* End XCBuildConfiguration section */

/* Begin XCConfigurationList section */
		1C5435F12DE2223F00153F4F /* Build configuration list for PBXProject "FreshWall" */ = {
			isa = XCConfigurationList;
			buildConfigurations = (
				1C5436162DE2224000153F4F /* Debug */,
				1C5436172DE2224000153F4F /* Release */,
			);
			defaultConfigurationIsVisible = 0;
			defaultConfigurationName = Release;
		};
		1C5436182DE2224000153F4F /* Build configuration list for PBXNativeTarget "FreshWall" */ = {
			isa = XCConfigurationList;
			buildConfigurations = (
				1C5436192DE2224000153F4F /* Debug */,
				1C54361A2DE2224000153F4F /* Release */,
			);
			defaultConfigurationIsVisible = 0;
			defaultConfigurationName = Release;
		};
		1C54361B2DE2224000153F4F /* Build configuration list for PBXNativeTarget "FreshWallTests" */ = {
			isa = XCConfigurationList;
			buildConfigurations = (
				1C54361C2DE2224000153F4F /* Debug */,
				1C54361D2DE2224000153F4F /* Release */,
			);
			defaultConfigurationIsVisible = 0;
			defaultConfigurationName = Release;
		};
		1C54361E2DE2224000153F4F /* Build configuration list for PBXNativeTarget "FreshWallUITests" */ = {
			isa = XCConfigurationList;
			buildConfigurations = (
				1C54361F2DE2224000153F4F /* Debug */,
				1C5436202DE2224000153F4F /* Release */,
			);
			defaultConfigurationIsVisible = 0;
			defaultConfigurationName = Release;
		};
		1CDE5E0E2E0A72C0005B35FF /* Build configuration list for PBXNativeTarget "FreshWall-Beta" */ = {
			isa = XCConfigurationList;
			buildConfigurations = (
				1CDE5E0F2E0A72C0005B35FF /* Debug */,
				1CDE5E102E0A72C0005B35FF /* Release */,
			);
			defaultConfigurationIsVisible = 0;
			defaultConfigurationName = Release;
		};
		1CDE5E222E0A72C9005B35FF /* Build configuration list for PBXNativeTarget "FreshWall-Dev" */ = {
			isa = XCConfigurationList;
			buildConfigurations = (
				1CDE5E232E0A72C9005B35FF /* Debug */,
				1CDE5E242E0A72C9005B35FF /* Release */,
			);
			defaultConfigurationIsVisible = 0;
			defaultConfigurationName = Release;
		};
/* End XCConfigurationList section */

/* Begin XCRemoteSwiftPackageReference section */
		1C54365B2DE224C600153F4F /* XCRemoteSwiftPackageReference "firebase-ios-sdk" */ = {
			isa = XCRemoteSwiftPackageReference;
			repositoryURL = "https://github.com/firebase/firebase-ios-sdk.git";
			requirement = {
				kind = upToNextMajorVersion;
				minimumVersion = 11.13.0;
			};
		};
		1C54371C2DE2AB7100153F4F /* XCRemoteSwiftPackageReference "SwiftLintPlugins" */ = {
			isa = XCRemoteSwiftPackageReference;
			repositoryURL = "https://github.com/SimplyDanny/SwiftLintPlugins";
			requirement = {
				kind = upToNextMajorVersion;
				minimumVersion = 0.59.1;
			};
		};
		1CDE5E022E0A72C0005B35FF /* XCRemoteSwiftPackageReference "firebase-ios-sdk" */ = {
			isa = XCRemoteSwiftPackageReference;
			repositoryURL = "https://github.com/firebase/firebase-ios-sdk.git";
			requirement = {
				kind = upToNextMajorVersion;
				minimumVersion = 11.13.0;
			};
		};
		1CDE5E162E0A72C9005B35FF /* XCRemoteSwiftPackageReference "firebase-ios-sdk" */ = {
			isa = XCRemoteSwiftPackageReference;
			repositoryURL = "https://github.com/firebase/firebase-ios-sdk.git";
			requirement = {
				kind = upToNextMajorVersion;
				minimumVersion = 11.13.0;
			};
		};
/* End XCRemoteSwiftPackageReference section */

/* Begin XCSwiftPackageProductDependency section */
		1C54365C2DE224C600153F4F /* FirebaseAuth */ = {
			isa = XCSwiftPackageProductDependency;
			package = 1C54365B2DE224C600153F4F /* XCRemoteSwiftPackageReference "firebase-ios-sdk" */;
			productName = FirebaseAuth;
		};
		1C54365E2DE224C600153F4F /* FirebaseFirestore */ = {
			isa = XCSwiftPackageProductDependency;
			package = 1C54365B2DE224C600153F4F /* XCRemoteSwiftPackageReference "firebase-ios-sdk" */;
			productName = FirebaseFirestore;
		};
		1C5436602DE224C600153F4F /* FirebaseStorage */ = {
			isa = XCSwiftPackageProductDependency;
			package = 1C54365B2DE224C600153F4F /* XCRemoteSwiftPackageReference "firebase-ios-sdk" */;
			productName = FirebaseStorage;
		};
		1C5437172DE2558400153F4F /* FirebaseFunctions */ = {
			isa = XCSwiftPackageProductDependency;
			package = 1C54365B2DE224C600153F4F /* XCRemoteSwiftPackageReference "firebase-ios-sdk" */;
			productName = FirebaseFunctions;
		};
		1C54371D2DE2AB9500153F4F /* SwiftLintBuildToolPlugin */ = {
			isa = XCSwiftPackageProductDependency;
			package = 1C54371C2DE2AB7100153F4F /* XCRemoteSwiftPackageReference "SwiftLintPlugins" */;
			productName = "plugin:SwiftLintBuildToolPlugin";
		};
		1CDE5E012E0A72C0005B35FF /* FirebaseAuth */ = {
			isa = XCSwiftPackageProductDependency;
			package = 1CDE5E022E0A72C0005B35FF /* XCRemoteSwiftPackageReference "firebase-ios-sdk" */;
			productName = FirebaseAuth;
		};
		1CDE5E032E0A72C0005B35FF /* FirebaseFirestore */ = {
			isa = XCSwiftPackageProductDependency;
			package = 1CDE5E022E0A72C0005B35FF /* XCRemoteSwiftPackageReference "firebase-ios-sdk" */;
			productName = FirebaseFirestore;
		};
		1CDE5E042E0A72C0005B35FF /* FirebaseStorage */ = {
			isa = XCSwiftPackageProductDependency;
			package = 1CDE5E022E0A72C0005B35FF /* XCRemoteSwiftPackageReference "firebase-ios-sdk" */;
			productName = FirebaseStorage;
		};
		1CDE5E052E0A72C0005B35FF /* FirebaseFunctions */ = {
			isa = XCSwiftPackageProductDependency;
			package = 1CDE5E022E0A72C0005B35FF /* XCRemoteSwiftPackageReference "firebase-ios-sdk" */;
			productName = FirebaseFunctions;
		};
		1CDE5E152E0A72C9005B35FF /* FirebaseAuth */ = {
			isa = XCSwiftPackageProductDependency;
			package = 1CDE5E162E0A72C9005B35FF /* XCRemoteSwiftPackageReference "firebase-ios-sdk" */;
			productName = FirebaseAuth;
		};
		1CDE5E172E0A72C9005B35FF /* FirebaseFirestore */ = {
			isa = XCSwiftPackageProductDependency;
			package = 1CDE5E162E0A72C9005B35FF /* XCRemoteSwiftPackageReference "firebase-ios-sdk" */;
			productName = FirebaseFirestore;
		};
		1CDE5E182E0A72C9005B35FF /* FirebaseStorage */ = {
			isa = XCSwiftPackageProductDependency;
			package = 1CDE5E162E0A72C9005B35FF /* XCRemoteSwiftPackageReference "firebase-ios-sdk" */;
			productName = FirebaseStorage;
		};
		1CDE5E192E0A72C9005B35FF /* FirebaseFunctions */ = {
			isa = XCSwiftPackageProductDependency;
			package = 1CDE5E162E0A72C9005B35FF /* XCRemoteSwiftPackageReference "firebase-ios-sdk" */;
			productName = FirebaseFunctions;
		};
/* End XCSwiftPackageProductDependency section */
	};
	rootObject = 1C5435EE2DE2223F00153F4F /* Project object */;
}
